PODS:
  - AFNetworking (3.2.1):
    - AFNetworking/NSURLSession (= 3.2.1)
    - AFNetworking/Reachability (= 3.2.1)
    - AFNetworking/Security (= 3.2.1)
    - AFNetworking/Serialization (= 3.2.1)
    - AFNetworking/UIKit (= 3.2.1)
  - AFNetworking/NSURLSession (3.2.1):
    - AFNetworking/Reachability
    - AFNetworking/Security
    - AFNetworking/Serialization
  - AFNetworking/Reachability (3.2.1)
  - AFNetworking/Security (3.2.1)
  - AFNetworking/Serialization (3.2.1)
  - AFNetworking/UIKit (3.2.1):
    - AFNetworking/NSURLSession
  - CYLTabBarController (1.17.22)
  - DACircularProgress (2.3.1)
  - IDMPhotoBrowser (1.11.3):
    - DACircularProgress
    - pop
    - SDWebImage (= 4.0.0)
  - JXCategoryView (1.0.9)
  - Masonry (1.1.0)
  - MJRefresh (3.1.15.7)
  - pop (1.0.12)
  - SDWebImage (4.0.0):
    - SDWebImage/Core (= 4.0.0)
  - SDWebImage/Core (4.0.0)
  - TFHpple (2.0.0)

DEPENDENCIES:
  - AFNetworking (~> 3.2.1)
  - CYLTabBarController (~> 1.17.4)
  - IDMPhotoBrowser (~> 1.11.3)
  - JXCategoryView (~> 1.0.3)
  - Masonry (~> 1.1.0)
  - MJRefresh (~> 3.1.12)
  - SDWebImage (~> 4.0.0)
  - TFHpple (~> 2.0.0)

SPEC CHECKSUMS:
  AFNetworking: b6f891fdfaed196b46c7a83cf209e09697b94057
  CYLTabBarController: 35784c2969383583d11cc56ff5abce078f19d94a
  DACircularProgress: 4dd437c0fc3da5161cb289e07ac449493d41db71
  IDMPhotoBrowser: b96159fe4adb991a844068eb17dab9c0b7d7e51a
  JXCategoryView: b04d90ff1786d9ebd0fbc37715a622d07075418b
  Masonry: 678fab65091a9290e40e2832a55e7ab731aad201
  MJRefresh: 697f8ec75ebdbe9207767bb682cf0f51b0d8a41f
  pop: d582054913807fd11fd50bfe6a539d91c7e1a55a
  SDWebImage: 76a6348bdc74eb5a55dd08a091ef298e56b55e41
  TFHpple: a916fe0799eb30aa29b2670d14d5868cdd3a5b81

PODFILE CHECKSUM: e8d5e13d10b8f4d87406b1bd5569ec21c391c672

COCOAPODS: 1.3.1
