// !$*UTF8*$!
{
	archiveVersion = 1;
	classes = {
	};
	objectVersion = 51;
	objects = {

/* Begin PBXBuildFile section */
		20FA9D8906F3E0738C121653 /* libPods-JAVBus.a in Frameworks */ = {isa = PBXBuildFile; fileRef = 4355E13C10486BC7E5DF018B /* libPods-JAVBus.a */; };
		9A4B0DA3D54BB094B29C64D5 /* libPods-JAVBusUITests.a in Frameworks */ = {isa = PBXBuildFile; fileRef = 8115FEBAB3603AB5CB74D91E /* libPods-JAVBusUITests.a */; };
		AFBB54BCC9FC8A3F8371087C /* libPods-JAVBusTests.a in Frameworks */ = {isa = PBXBuildFile; fileRef = B086890A2D06BA45EF4AAC7C /* libPods-JAVBusTests.a */; };
		EC0BC44321C2394900A6E50E /* AppDelegate.m in Sources */ = {isa = PBXBuildFile; fileRef = EC0BC44221C2394900A6E50E /* AppDelegate.m */; };
		EC0BC44621C2394900A6E50E /* MainViewController.m in Sources */ = {isa = PBXBuildFile; fileRef = EC0BC44521C2394900A6E50E /* MainViewController.m */; };
		EC0BC44921C2394900A6E50E /* Main.storyboard in Resources */ = {isa = PBXBuildFile; fileRef = EC0BC44721C2394900A6E50E /* Main.storyboard */; };
		EC0BC44B21C2394B00A6E50E /* Assets.xcassets in Resources */ = {isa = PBXBuildFile; fileRef = EC0BC44A21C2394B00A6E50E /* Assets.xcassets */; };
		EC0BC44E21C2394B00A6E50E /* LaunchScreen.storyboard in Resources */ = {isa = PBXBuildFile; fileRef = EC0BC44C21C2394B00A6E50E /* LaunchScreen.storyboard */; };
		EC0BC45121C2394B00A6E50E /* main.m in Sources */ = {isa = PBXBuildFile; fileRef = EC0BC45021C2394B00A6E50E /* main.m */; };
		EC0BC45B21C2394B00A6E50E /* JAVBusTests.m in Sources */ = {isa = PBXBuildFile; fileRef = EC0BC45A21C2394B00A6E50E /* JAVBusTests.m */; };
		EC0BC46621C2394B00A6E50E /* JAVBusUITests.m in Sources */ = {isa = PBXBuildFile; fileRef = EC0BC46521C2394B00A6E50E /* JAVBusUITests.m */; };
		EC0BC49621C25B5000A6E50E /* UIImageView+Scale.m in Sources */ = {isa = PBXBuildFile; fileRef = EC0BC48121C25B5000A6E50E /* UIImageView+Scale.m */; };
		EC0BC49721C25B5000A6E50E /* NSString+XExtend.m in Sources */ = {isa = PBXBuildFile; fileRef = EC0BC48221C25B5000A6E50E /* NSString+XExtend.m */; };
		EC0BC49821C25B5000A6E50E /* UIColor+Hex.m in Sources */ = {isa = PBXBuildFile; fileRef = EC0BC48321C25B5000A6E50E /* UIColor+Hex.m */; };
		EC0BC49921C25B5000A6E50E /* UIScrollView+Refresh.m in Sources */ = {isa = PBXBuildFile; fileRef = EC0BC48421C25B5000A6E50E /* UIScrollView+Refresh.m */; };
		EC0BC49A21C25B5000A6E50E /* NSDate+Utilities.m in Sources */ = {isa = PBXBuildFile; fileRef = EC0BC48521C25B5000A6E50E /* NSDate+Utilities.m */; };
		EC0BC49B21C25B5000A6E50E /* NSObject+runtimeCopy.m in Sources */ = {isa = PBXBuildFile; fileRef = EC0BC48821C25B5000A6E50E /* NSObject+runtimeCopy.m */; };
		EC0BC49C21C25B5000A6E50E /* NSDate+XExtend.m in Sources */ = {isa = PBXBuildFile; fileRef = EC0BC48921C25B5000A6E50E /* NSDate+XExtend.m */; };
		EC0BC49D21C25B5000A6E50E /* UIAlertView+ActionBlock.m in Sources */ = {isa = PBXBuildFile; fileRef = EC0BC48B21C25B5000A6E50E /* UIAlertView+ActionBlock.m */; };
		EC0BC49E21C25B5000A6E50E /* SQPrintJsonLog.m in Sources */ = {isa = PBXBuildFile; fileRef = EC0BC48F21C25B5000A6E50E /* SQPrintJsonLog.m */; };
		EC0BC49F21C25B5000A6E50E /* UIView+AddFunc.m in Sources */ = {isa = PBXBuildFile; fileRef = EC0BC49221C25B5000A6E50E /* UIView+AddFunc.m */; };
		EC0BC4A021C25B5000A6E50E /* NSString+RegExp.m in Sources */ = {isa = PBXBuildFile; fileRef = EC0BC49521C25B5000A6E50E /* NSString+RegExp.m */; };
		EC0BC4A521C25D3300A6E50E /* BaseViewController.m in Sources */ = {isa = PBXBuildFile; fileRef = EC0BC4A421C25D3300A6E50E /* BaseViewController.m */; };
		EC0BC4A821C25DAB00A6E50E /* ActressCodeController.m in Sources */ = {isa = PBXBuildFile; fileRef = EC0BC4A721C25DAB00A6E50E /* ActressCodeController.m */; };
		EC0BC4AC21C25E3C00A6E50E /* ActressCell.m in Sources */ = {isa = PBXBuildFile; fileRef = EC0BC4A921C25E3C00A6E50E /* ActressCell.m */; };
		EC0BC4AD21C25E3C00A6E50E /* ActressCell.xib in Resources */ = {isa = PBXBuildFile; fileRef = EC0BC4AB21C25E3C00A6E50E /* ActressCell.xib */; };
		EC0BC4BB21C2653500A6E50E /* backItemImage_hl@2x.png in Resources */ = {isa = PBXBuildFile; fileRef = EC0BC4B021C2653500A6E50E /* backItemImage_hl@2x.png */; };
		EC0BC4BC21C2653500A6E50E /* backItemImage@2x.png in Resources */ = {isa = PBXBuildFile; fileRef = EC0BC4B121C2653500A6E50E /* backItemImage@2x.png */; };
		EC0BC4BD21C2653500A6E50E /* NJKWebViewProgress.m in Sources */ = {isa = PBXBuildFile; fileRef = EC0BC4B621C2653500A6E50E /* NJKWebViewProgress.m */; };
		EC0BC4BE21C2653500A6E50E /* NJKWebViewProgressView.m in Sources */ = {isa = PBXBuildFile; fileRef = EC0BC4B821C2653500A6E50E /* NJKWebViewProgressView.m */; };
		EC0BC4BF21C2653500A6E50E /* RxWebViewNavigationViewController.m in Sources */ = {isa = PBXBuildFile; fileRef = EC0BC4B921C2653500A6E50E /* RxWebViewNavigationViewController.m */; };
		EC0BC4C021C2653500A6E50E /* RxWebViewController.m in Sources */ = {isa = PBXBuildFile; fileRef = EC0BC4BA21C2653500A6E50E /* RxWebViewController.m */; };
		EC0BC4C321C2ADE900A6E50E /* BaseModel.m in Sources */ = {isa = PBXBuildFile; fileRef = EC0BC4C221C2ADE900A6E50E /* BaseModel.m */; };
		EC0BC4C621C2AE1D00A6E50E /* ActressModel.m in Sources */ = {isa = PBXBuildFile; fileRef = EC0BC4C521C2AE1D00A6E50E /* ActressModel.m */; };
		EC5F058F241D14C40055B6B5 /* MagneticModel.m in Sources */ = {isa = PBXBuildFile; fileRef = EC5F058E241D14C40055B6B5 /* MagneticModel.m */; };
		EC5F0592241D16590055B6B5 /* NSString+XLHelper.m in Sources */ = {isa = PBXBuildFile; fileRef = EC5F0591241D16590055B6B5 /* NSString+XLHelper.m */; };
		EC5F0595241D26D00055B6B5 /* MagneticItemCell.m in Sources */ = {isa = PBXBuildFile; fileRef = EC5F0594241D26D00055B6B5 /* MagneticItemCell.m */; };
		EC73608C21D90D5B0031DFE0 /* SearchViewController.m in Sources */ = {isa = PBXBuildFile; fileRef = EC73608B21D90D5B0031DFE0 /* SearchViewController.m */; };
		EC73608F21D90EF00031DFE0 /* MovieSearchListController.m in Sources */ = {isa = PBXBuildFile; fileRef = EC73608E21D90EF00031DFE0 /* MovieSearchListController.m */; };
		EC73609221D90F630031DFE0 /* ActressSearchController.m in Sources */ = {isa = PBXBuildFile; fileRef = EC73609121D90F630031DFE0 /* ActressSearchController.m */; };
		EC73609721DA5C280031DFE0 /* ActressSearchCell.m in Sources */ = {isa = PBXBuildFile; fileRef = EC73609521DA5C280031DFE0 /* ActressSearchCell.m */; };
		EC73609821DA5C280031DFE0 /* ActressSearchCell.xib in Resources */ = {isa = PBXBuildFile; fileRef = EC73609621DA5C280031DFE0 /* ActressSearchCell.xib */; };
		EC94A1FB21DC52F000C1BBCD /* PublicDialogManager.m in Sources */ = {isa = PBXBuildFile; fileRef = EC94A1FA21DC52EF00C1BBCD /* PublicDialogManager.m */; };
		EC94A1FE21DCA1BA00C1BBCD /* ZHChineseConvert.m in Sources */ = {isa = PBXBuildFile; fileRef = EC94A1FD21DCA1BA00C1BBCD /* ZHChineseConvert.m */; };
		EC94A20121DCA2EE00C1BBCD /* TraditionalCode.txt in Resources */ = {isa = PBXBuildFile; fileRef = EC94A1FF21DCA2ED00C1BBCD /* TraditionalCode.txt */; };
		EC94A20221DCA2EE00C1BBCD /* SimplifiedCode.txt in Resources */ = {isa = PBXBuildFile; fileRef = EC94A20021DCA2EE00C1BBCD /* SimplifiedCode.txt */; };
		EC9ABE1621CE935E00C4E90F /* GlobalTool.m in Sources */ = {isa = PBXBuildFile; fileRef = EC9ABE1521CE935E00C4E90F /* GlobalTool.m */; };
		EC9ABE1D21CF4E8600C4E90F /* AddressSettingController.m in Sources */ = {isa = PBXBuildFile; fileRef = EC9ABE1C21CF4E8600C4E90F /* AddressSettingController.m */; };
		EC9ABE2121CFA5E300C4E90F /* AddressCell.m in Sources */ = {isa = PBXBuildFile; fileRef = EC9ABE1F21CFA5E300C4E90F /* AddressCell.m */; };
		EC9ABE2221CFA5E300C4E90F /* AddressCell.xib in Resources */ = {isa = PBXBuildFile; fileRef = EC9ABE2021CFA5E300C4E90F /* AddressCell.xib */; };
		EC9D72FD21C7F41400C9F830 /* ActressDetailCell.m in Sources */ = {isa = PBXBuildFile; fileRef = EC9D72FB21C7F41400C9F830 /* ActressDetailCell.m */; };
		EC9D72FE21C7F41400C9F830 /* ActressDetailCell.xib in Resources */ = {isa = PBXBuildFile; fileRef = EC9D72FC21C7F41400C9F830 /* ActressDetailCell.xib */; };
		ECA791692416141300EDFF51 /* VideoPlayerManager.m in Sources */ = {isa = PBXBuildFile; fileRef = ECA791682416141300EDFF51 /* VideoPlayerManager.m */; };
		ECAE2413241A077E0050FA8A /* GGDriveFileController.m in Sources */ = {isa = PBXBuildFile; fileRef = ECAE2412241A077E0050FA8A /* GGDriveFileController.m */; };
		ECAE2417241A14710050FA8A /* GGDriveFolderCell.m in Sources */ = {isa = PBXBuildFile; fileRef = ECAE2415241A14710050FA8A /* GGDriveFolderCell.m */; };
		ECAE2418241A14710050FA8A /* GGDriveFolderCell.xib in Resources */ = {isa = PBXBuildFile; fileRef = ECAE2416241A14710050FA8A /* GGDriveFolderCell.xib */; };
		ECAE241C241A1B8A0050FA8A /* GGDriveFileCell.m in Sources */ = {isa = PBXBuildFile; fileRef = ECAE241A241A1B890050FA8A /* GGDriveFileCell.m */; };
		ECAE241D241A1B8A0050FA8A /* GGDriveFileCell.xib in Resources */ = {isa = PBXBuildFile; fileRef = ECAE241B241A1B8A0050FA8A /* GGDriveFileCell.xib */; };
		ECAE2420241A77A20050FA8A /* DropBoxManager.m in Sources */ = {isa = PBXBuildFile; fileRef = ECAE241F241A77A20050FA8A /* DropBoxManager.m */; };
		ECBCAAA7241E165500005732 /* MagneticListView.m in Sources */ = {isa = PBXBuildFile; fileRef = ECBCAAA6241E165500005732 /* MagneticListView.m */; };
		ECCCE41921E39D54006833FE /* Encrypt.m in Sources */ = {isa = PBXBuildFile; fileRef = ECCCE41821E39D51006833FE /* Encrypt.m */; };
		ECCCE41C21E42F48006833FE /* MovieCachedController.m in Sources */ = {isa = PBXBuildFile; fileRef = ECCCE41B21E42F48006833FE /* MovieCachedController.m */; };
		ECD4F4F724167D800076269B /* GoogleDriveController.m in Sources */ = {isa = PBXBuildFile; fileRef = ECD4F4F624167D800076269B /* GoogleDriveController.m */; };
		ECD4F4FB241795AA0076269B /* GoogleSignInManager.m in Sources */ = {isa = PBXBuildFile; fileRef = ECD4F4FA241795AA0076269B /* GoogleSignInManager.m */; };
		ECD4F4FE2417D9010076269B /* GoogleDriveManager.m in Sources */ = {isa = PBXBuildFile; fileRef = ECD4F4FD2417D9010076269B /* GoogleDriveManager.m */; };
		ECD4FD9B21C5428800645593 /* HttpManager.m in Sources */ = {isa = PBXBuildFile; fileRef = ECD4FD9921C5428800645593 /* HttpManager.m */; };
		ECD99AD621C6891A0043DB0C /* HtmlToJsonManager.m in Sources */ = {isa = PBXBuildFile; fileRef = ECD99AD421C6891A0043DB0C /* HtmlToJsonManager.m */; };
		ECD99AD921C697540043DB0C /* ActressDetailController.m in Sources */ = {isa = PBXBuildFile; fileRef = ECD99AD821C697540043DB0C /* ActressDetailController.m */; };
		ECD99AED21C7E0880043DB0C /* LJJWaterFlowLayout.m in Sources */ = {isa = PBXBuildFile; fileRef = ECD99AEB21C7E0880043DB0C /* LJJWaterFlowLayout.m */; };
		ECD99AF021C7EDB90043DB0C /* MovieListModel.m in Sources */ = {isa = PBXBuildFile; fileRef = ECD99AEF21C7EDB90043DB0C /* MovieListModel.m */; };
		ECDF476F2380484B0080EDA7 /* VideoPlayerView.m in Sources */ = {isa = PBXBuildFile; fileRef = ECDF476D2380484B0080EDA7 /* VideoPlayerView.m */; };
		ECF79B2A21DDB372008C097D /* DBManager.m in Sources */ = {isa = PBXBuildFile; fileRef = ECF79B2921DDB372008C097D /* DBManager.m */; };
		ECF79B2D21DDE2C8008C097D /* CollectionViewController.m in Sources */ = {isa = PBXBuildFile; fileRef = ECF79B2C21DDE2C8008C097D /* CollectionViewController.m */; };
		ECF79B3021DDE2DA008C097D /* ActressCollectionController.m in Sources */ = {isa = PBXBuildFile; fileRef = ECF79B2F21DDE2DA008C097D /* ActressCollectionController.m */; };
		ECF79B3321DDE2F7008C097D /* MovieCollectionController.m in Sources */ = {isa = PBXBuildFile; fileRef = ECF79B3221DDE2F7008C097D /* MovieCollectionController.m */; };
		ECF79B3A21DEF680008C097D /* SettingViewController.m in Sources */ = {isa = PBXBuildFile; fileRef = ECF79B3921DEF680008C097D /* SettingViewController.m */; };
		ECF9455B21D46AB60043E898 /* MainTabViewController.m in Sources */ = {isa = PBXBuildFile; fileRef = ECF9455921D46AB50043E898 /* MainTabViewController.m */; };
		ECF9455E21D4AAB60043E898 /* MovieUncensoredController.m in Sources */ = {isa = PBXBuildFile; fileRef = ECF9455D21D4AAB60043E898 /* MovieUncensoredController.m */; };
		ECF9456121D4ACD20043E898 /* MovieXvideoController.m in Sources */ = {isa = PBXBuildFile; fileRef = ECF9456021D4ACD20043E898 /* MovieXvideoController.m */; };
		ECF9456421D4AD5E0043E898 /* ActorListBaseController.m in Sources */ = {isa = PBXBuildFile; fileRef = ECF9456321D4AD5E0043E898 /* ActorListBaseController.m */; };
		ECF9456721D4AFBA0043E898 /* ActressUncensoredListController.m in Sources */ = {isa = PBXBuildFile; fileRef = ECF9456621D4AFBA0043E898 /* ActressUncensoredListController.m */; };
		ECF9456A21D4B5B60043E898 /* MovieCategoryController.m in Sources */ = {isa = PBXBuildFile; fileRef = ECF9456921D4B5B60043E898 /* MovieCategoryController.m */; };
		ECF9456D21D4B7BC0043E898 /* CensoredCategoryController.m in Sources */ = {isa = PBXBuildFile; fileRef = ECF9456C21D4B7BC0043E898 /* CensoredCategoryController.m */; };
		ECF9457021D4B7CB0043E898 /* UnCensoredCategoryController.m in Sources */ = {isa = PBXBuildFile; fileRef = ECF9456F21D4B7CB0043E898 /* UnCensoredCategoryController.m */; };
		ECF9457421D4B86C0043E898 /* CategoryModel.m in Sources */ = {isa = PBXBuildFile; fileRef = ECF9457321D4B86C0043E898 /* CategoryModel.m */; };
		ECF9457721D4C0DD0043E898 /* CategoryItemListController.m in Sources */ = {isa = PBXBuildFile; fileRef = ECF9457621D4C0DD0043E898 /* CategoryItemListController.m */; };
		ECF9457A21D4CB630043E898 /* MovieDetailController.m in Sources */ = {isa = PBXBuildFile; fileRef = ECF9457921D4CB630043E898 /* MovieDetailController.m */; };
		ECF9457D21D51AB20043E898 /* TitleLinkModel.m in Sources */ = {isa = PBXBuildFile; fileRef = ECF9457C21D51AB20043E898 /* TitleLinkModel.m */; };
		ECF9458021D5ACD50043E898 /* MovieDetailModel.m in Sources */ = {isa = PBXBuildFile; fileRef = ECF9457F21D5ACD50043E898 /* MovieDetailModel.m */; };
		ECF9458421D5ECA10043E898 /* LinkButton.m in Sources */ = {isa = PBXBuildFile; fileRef = ECF9458321D5ECA10043E898 /* LinkButton.m */; };
		ECF9458721D5FC220043E898 /* ScreenShotModel.m in Sources */ = {isa = PBXBuildFile; fileRef = ECF9458621D5FC220043E898 /* ScreenShotModel.m */; };
		ECF9458B21D5FED70043E898 /* ScreenShotCell.m in Sources */ = {isa = PBXBuildFile; fileRef = ECF9458921D5FED70043E898 /* ScreenShotCell.m */; };
		ECF9458C21D5FED70043E898 /* ScreenShotCell.xib in Resources */ = {isa = PBXBuildFile; fileRef = ECF9458A21D5FED70043E898 /* ScreenShotCell.xib */; };
		ECF9458F21D60AE00043E898 /* RecommendModel.m in Sources */ = {isa = PBXBuildFile; fileRef = ECF9458E21D60AE00043E898 /* RecommendModel.m */; };
		ECF9459321D60D560043E898 /* RecommendCell.m in Sources */ = {isa = PBXBuildFile; fileRef = ECF9459121D60D560043E898 /* RecommendCell.m */; };
		ECF9459421D60D560043E898 /* RecommendCell.xib in Resources */ = {isa = PBXBuildFile; fileRef = ECF9459221D60D560043E898 /* RecommendCell.xib */; };
		ECFD29BF21D37E960085E257 /* MovieListBaseController.m in Sources */ = {isa = PBXBuildFile; fileRef = ECFD29BE21D37E960085E257 /* MovieListBaseController.m */; };
		ECFD29C221D37FBC0085E257 /* MovieMainController.m in Sources */ = {isa = PBXBuildFile; fileRef = ECFD29C121D37FBC0085E257 /* MovieMainController.m */; };
/* End PBXBuildFile section */

/* Begin PBXContainerItemProxy section */
		EC0BC45721C2394B00A6E50E /* PBXContainerItemProxy */ = {
			isa = PBXContainerItemProxy;
			containerPortal = EC0BC43621C2394900A6E50E /* Project object */;
			proxyType = 1;
			remoteGlobalIDString = EC0BC43D21C2394900A6E50E;
			remoteInfo = JAVBus;
		};
		EC0BC46221C2394B00A6E50E /* PBXContainerItemProxy */ = {
			isa = PBXContainerItemProxy;
			containerPortal = EC0BC43621C2394900A6E50E /* Project object */;
			proxyType = 1;
			remoteGlobalIDString = EC0BC43D21C2394900A6E50E;
			remoteInfo = JAVBus;
		};
/* End PBXContainerItemProxy section */

/* Begin PBXFileReference section */
		40ED61FAFF4ADBE0F300A854 /* Pods-JAVBusTests.release.xcconfig */ = {isa = PBXFileReference; includeInIndex = 1; lastKnownFileType = text.xcconfig; name = "Pods-JAVBusTests.release.xcconfig"; path = "Pods/Target Support Files/Pods-JAVBusTests/Pods-JAVBusTests.release.xcconfig"; sourceTree = "<group>"; };
		4355E13C10486BC7E5DF018B /* libPods-JAVBus.a */ = {isa = PBXFileReference; explicitFileType = archive.ar; includeInIndex = 0; path = "libPods-JAVBus.a"; sourceTree = BUILT_PRODUCTS_DIR; };
		5C70DFAD6B40A9D114CB27E7 /* Pods-JAVBusUITests.release.xcconfig */ = {isa = PBXFileReference; includeInIndex = 1; lastKnownFileType = text.xcconfig; name = "Pods-JAVBusUITests.release.xcconfig"; path = "Pods/Target Support Files/Pods-JAVBusUITests/Pods-JAVBusUITests.release.xcconfig"; sourceTree = "<group>"; };
		8115FEBAB3603AB5CB74D91E /* libPods-JAVBusUITests.a */ = {isa = PBXFileReference; explicitFileType = archive.ar; includeInIndex = 0; path = "libPods-JAVBusUITests.a"; sourceTree = BUILT_PRODUCTS_DIR; };
		82F886EA565FCBCA72C6BF4E /* Pods-JAVBus.debug.xcconfig */ = {isa = PBXFileReference; includeInIndex = 1; lastKnownFileType = text.xcconfig; name = "Pods-JAVBus.debug.xcconfig"; path = "Pods/Target Support Files/Pods-JAVBus/Pods-JAVBus.debug.xcconfig"; sourceTree = "<group>"; };
		A9F9BC623466FD40AF79A988 /* Pods-JAVBus.release.xcconfig */ = {isa = PBXFileReference; includeInIndex = 1; lastKnownFileType = text.xcconfig; name = "Pods-JAVBus.release.xcconfig"; path = "Pods/Target Support Files/Pods-JAVBus/Pods-JAVBus.release.xcconfig"; sourceTree = "<group>"; };
		B086890A2D06BA45EF4AAC7C /* libPods-JAVBusTests.a */ = {isa = PBXFileReference; explicitFileType = archive.ar; includeInIndex = 0; path = "libPods-JAVBusTests.a"; sourceTree = BUILT_PRODUCTS_DIR; };
		C21BD270C8EDE3D7C2D4F1CD /* Pods-JAVBusUITests.debug.xcconfig */ = {isa = PBXFileReference; includeInIndex = 1; lastKnownFileType = text.xcconfig; name = "Pods-JAVBusUITests.debug.xcconfig"; path = "Pods/Target Support Files/Pods-JAVBusUITests/Pods-JAVBusUITests.debug.xcconfig"; sourceTree = "<group>"; };
		D9174191B1E5409EE51BCC81 /* Pods-JAVBusTests.debug.xcconfig */ = {isa = PBXFileReference; includeInIndex = 1; lastKnownFileType = text.xcconfig; name = "Pods-JAVBusTests.debug.xcconfig"; path = "Pods/Target Support Files/Pods-JAVBusTests/Pods-JAVBusTests.debug.xcconfig"; sourceTree = "<group>"; };
		EC0BC43E21C2394900A6E50E /* JAVBus.app */ = {isa = PBXFileReference; explicitFileType = wrapper.application; includeInIndex = 0; path = JAVBus.app; sourceTree = BUILT_PRODUCTS_DIR; };
		EC0BC44121C2394900A6E50E /* AppDelegate.h */ = {isa = PBXFileReference; lastKnownFileType = sourcecode.c.h; path = AppDelegate.h; sourceTree = "<group>"; };
		EC0BC44221C2394900A6E50E /* AppDelegate.m */ = {isa = PBXFileReference; lastKnownFileType = sourcecode.c.objc; path = AppDelegate.m; sourceTree = "<group>"; };
		EC0BC44421C2394900A6E50E /* MainViewController.h */ = {isa = PBXFileReference; lastKnownFileType = sourcecode.c.h; path = MainViewController.h; sourceTree = "<group>"; };
		EC0BC44521C2394900A6E50E /* MainViewController.m */ = {isa = PBXFileReference; lastKnownFileType = sourcecode.c.objc; path = MainViewController.m; sourceTree = "<group>"; };
		EC0BC44821C2394900A6E50E /* Base */ = {isa = PBXFileReference; lastKnownFileType = file.storyboard; name = Base; path = Base.lproj/Main.storyboard; sourceTree = "<group>"; };
		EC0BC44A21C2394B00A6E50E /* Assets.xcassets */ = {isa = PBXFileReference; lastKnownFileType = folder.assetcatalog; path = Assets.xcassets; sourceTree = "<group>"; };
		EC0BC44D21C2394B00A6E50E /* Base */ = {isa = PBXFileReference; lastKnownFileType = file.storyboard; name = Base; path = Base.lproj/LaunchScreen.storyboard; sourceTree = "<group>"; };
		EC0BC44F21C2394B00A6E50E /* Info.plist */ = {isa = PBXFileReference; lastKnownFileType = text.plist.xml; path = Info.plist; sourceTree = "<group>"; };
		EC0BC45021C2394B00A6E50E /* main.m */ = {isa = PBXFileReference; lastKnownFileType = sourcecode.c.objc; path = main.m; sourceTree = "<group>"; };
		EC0BC45621C2394B00A6E50E /* JAVBusTests.xctest */ = {isa = PBXFileReference; explicitFileType = wrapper.cfbundle; includeInIndex = 0; path = JAVBusTests.xctest; sourceTree = BUILT_PRODUCTS_DIR; };
		EC0BC45A21C2394B00A6E50E /* JAVBusTests.m */ = {isa = PBXFileReference; lastKnownFileType = sourcecode.c.objc; path = JAVBusTests.m; sourceTree = "<group>"; };
		EC0BC45C21C2394B00A6E50E /* Info.plist */ = {isa = PBXFileReference; lastKnownFileType = text.plist.xml; path = Info.plist; sourceTree = "<group>"; };
		EC0BC46121C2394B00A6E50E /* JAVBusUITests.xctest */ = {isa = PBXFileReference; explicitFileType = wrapper.cfbundle; includeInIndex = 0; path = JAVBusUITests.xctest; sourceTree = BUILT_PRODUCTS_DIR; };
		EC0BC46521C2394B00A6E50E /* JAVBusUITests.m */ = {isa = PBXFileReference; lastKnownFileType = sourcecode.c.objc; path = JAVBusUITests.m; sourceTree = "<group>"; };
		EC0BC46721C2394B00A6E50E /* Info.plist */ = {isa = PBXFileReference; lastKnownFileType = text.plist.xml; path = Info.plist; sourceTree = "<group>"; };
		EC0BC47B21C2587900A6E50E /* PrefixHeader.pch */ = {isa = PBXFileReference; lastKnownFileType = sourcecode.c.h; path = PrefixHeader.pch; sourceTree = "<group>"; };
		EC0BC47D21C259F300A6E50E /* Singleton.h */ = {isa = PBXFileReference; lastKnownFileType = sourcecode.c.h; path = Singleton.h; sourceTree = "<group>"; };
		EC0BC47E21C259F300A6E50E /* PublicDefines.h */ = {isa = PBXFileReference; lastKnownFileType = sourcecode.c.h; path = PublicDefines.h; sourceTree = "<group>"; };
		EC0BC48021C25B5000A6E50E /* UIAlertView+ActionBlock.h */ = {isa = PBXFileReference; fileEncoding = 4; lastKnownFileType = sourcecode.c.h; path = "UIAlertView+ActionBlock.h"; sourceTree = "<group>"; };
		EC0BC48121C25B5000A6E50E /* UIImageView+Scale.m */ = {isa = PBXFileReference; fileEncoding = 4; lastKnownFileType = sourcecode.c.objc; path = "UIImageView+Scale.m"; sourceTree = "<group>"; };
		EC0BC48221C25B5000A6E50E /* NSString+XExtend.m */ = {isa = PBXFileReference; fileEncoding = 4; lastKnownFileType = sourcecode.c.objc; path = "NSString+XExtend.m"; sourceTree = "<group>"; };
		EC0BC48321C25B5000A6E50E /* UIColor+Hex.m */ = {isa = PBXFileReference; fileEncoding = 4; lastKnownFileType = sourcecode.c.objc; path = "UIColor+Hex.m"; sourceTree = "<group>"; };
		EC0BC48421C25B5000A6E50E /* UIScrollView+Refresh.m */ = {isa = PBXFileReference; fileEncoding = 4; lastKnownFileType = sourcecode.c.objc; path = "UIScrollView+Refresh.m"; sourceTree = "<group>"; };
		EC0BC48521C25B5000A6E50E /* NSDate+Utilities.m */ = {isa = PBXFileReference; fileEncoding = 4; lastKnownFileType = sourcecode.c.objc; path = "NSDate+Utilities.m"; sourceTree = "<group>"; };
		EC0BC48621C25B5000A6E50E /* SQPrintJsonLog.h */ = {isa = PBXFileReference; fileEncoding = 4; lastKnownFileType = sourcecode.c.h; path = SQPrintJsonLog.h; sourceTree = "<group>"; };
		EC0BC48721C25B5000A6E50E /* NSString+RegExp.h */ = {isa = PBXFileReference; fileEncoding = 4; lastKnownFileType = sourcecode.c.h; path = "NSString+RegExp.h"; sourceTree = "<group>"; };
		EC0BC48821C25B5000A6E50E /* NSObject+runtimeCopy.m */ = {isa = PBXFileReference; fileEncoding = 4; lastKnownFileType = sourcecode.c.objc; path = "NSObject+runtimeCopy.m"; sourceTree = "<group>"; };
		EC0BC48921C25B5000A6E50E /* NSDate+XExtend.m */ = {isa = PBXFileReference; fileEncoding = 4; lastKnownFileType = sourcecode.c.objc; path = "NSDate+XExtend.m"; sourceTree = "<group>"; };
		EC0BC48A21C25B5000A6E50E /* UIView+AddFunc.h */ = {isa = PBXFileReference; fileEncoding = 4; lastKnownFileType = sourcecode.c.h; path = "UIView+AddFunc.h"; sourceTree = "<group>"; };
		EC0BC48B21C25B5000A6E50E /* UIAlertView+ActionBlock.m */ = {isa = PBXFileReference; fileEncoding = 4; lastKnownFileType = sourcecode.c.objc; path = "UIAlertView+ActionBlock.m"; sourceTree = "<group>"; };
		EC0BC48C21C25B5000A6E50E /* UIColor+Hex.h */ = {isa = PBXFileReference; fileEncoding = 4; lastKnownFileType = sourcecode.c.h; path = "UIColor+Hex.h"; sourceTree = "<group>"; };
		EC0BC48D21C25B5000A6E50E /* NSString+XExtend.h */ = {isa = PBXFileReference; fileEncoding = 4; lastKnownFileType = sourcecode.c.h; path = "NSString+XExtend.h"; sourceTree = "<group>"; };
		EC0BC48E21C25B5000A6E50E /* UIImageView+Scale.h */ = {isa = PBXFileReference; fileEncoding = 4; lastKnownFileType = sourcecode.c.h; path = "UIImageView+Scale.h"; sourceTree = "<group>"; };
		EC0BC48F21C25B5000A6E50E /* SQPrintJsonLog.m */ = {isa = PBXFileReference; fileEncoding = 4; lastKnownFileType = sourcecode.c.objc; path = SQPrintJsonLog.m; sourceTree = "<group>"; };
		EC0BC49021C25B5000A6E50E /* NSDate+Utilities.h */ = {isa = PBXFileReference; fileEncoding = 4; lastKnownFileType = sourcecode.c.h; path = "NSDate+Utilities.h"; sourceTree = "<group>"; };
		EC0BC49121C25B5000A6E50E /* UIScrollView+Refresh.h */ = {isa = PBXFileReference; fileEncoding = 4; lastKnownFileType = sourcecode.c.h; path = "UIScrollView+Refresh.h"; sourceTree = "<group>"; };
		EC0BC49221C25B5000A6E50E /* UIView+AddFunc.m */ = {isa = PBXFileReference; fileEncoding = 4; lastKnownFileType = sourcecode.c.objc; path = "UIView+AddFunc.m"; sourceTree = "<group>"; };
		EC0BC49321C25B5000A6E50E /* NSDate+XExtend.h */ = {isa = PBXFileReference; fileEncoding = 4; lastKnownFileType = sourcecode.c.h; path = "NSDate+XExtend.h"; sourceTree = "<group>"; };
		EC0BC49421C25B5000A6E50E /* NSObject+runtimeCopy.h */ = {isa = PBXFileReference; fileEncoding = 4; lastKnownFileType = sourcecode.c.h; path = "NSObject+runtimeCopy.h"; sourceTree = "<group>"; };
		EC0BC49521C25B5000A6E50E /* NSString+RegExp.m */ = {isa = PBXFileReference; fileEncoding = 4; lastKnownFileType = sourcecode.c.objc; path = "NSString+RegExp.m"; sourceTree = "<group>"; };
		EC0BC4A321C25D3300A6E50E /* BaseViewController.h */ = {isa = PBXFileReference; lastKnownFileType = sourcecode.c.h; path = BaseViewController.h; sourceTree = "<group>"; };
		EC0BC4A421C25D3300A6E50E /* BaseViewController.m */ = {isa = PBXFileReference; lastKnownFileType = sourcecode.c.objc; path = BaseViewController.m; sourceTree = "<group>"; };
		EC0BC4A621C25DAB00A6E50E /* ActressCodeController.h */ = {isa = PBXFileReference; lastKnownFileType = sourcecode.c.h; path = ActressCodeController.h; sourceTree = "<group>"; };
		EC0BC4A721C25DAB00A6E50E /* ActressCodeController.m */ = {isa = PBXFileReference; lastKnownFileType = sourcecode.c.objc; path = ActressCodeController.m; sourceTree = "<group>"; };
		EC0BC4A921C25E3C00A6E50E /* ActressCell.m */ = {isa = PBXFileReference; fileEncoding = 4; lastKnownFileType = sourcecode.c.objc; path = ActressCell.m; sourceTree = "<group>"; };
		EC0BC4AA21C25E3C00A6E50E /* ActressCell.h */ = {isa = PBXFileReference; fileEncoding = 4; lastKnownFileType = sourcecode.c.h; path = ActressCell.h; sourceTree = "<group>"; };
		EC0BC4AB21C25E3C00A6E50E /* ActressCell.xib */ = {isa = PBXFileReference; fileEncoding = 4; lastKnownFileType = file.xib; path = ActressCell.xib; sourceTree = "<group>"; };
		EC0BC4B021C2653500A6E50E /* backItemImage_hl@2x.png */ = {isa = PBXFileReference; lastKnownFileType = image.png; path = "backItemImage_hl@2x.png"; sourceTree = "<group>"; };
		EC0BC4B121C2653500A6E50E /* backItemImage@2x.png */ = {isa = PBXFileReference; lastKnownFileType = image.png; path = "backItemImage@2x.png"; sourceTree = "<group>"; };
		EC0BC4B221C2653500A6E50E /* RxWebViewNavigationViewController.h */ = {isa = PBXFileReference; fileEncoding = 4; lastKnownFileType = sourcecode.c.h; path = RxWebViewNavigationViewController.h; sourceTree = "<group>"; };
		EC0BC4B321C2653500A6E50E /* RxWebViewController.h */ = {isa = PBXFileReference; fileEncoding = 4; lastKnownFileType = sourcecode.c.h; path = RxWebViewController.h; sourceTree = "<group>"; };
		EC0BC4B521C2653500A6E50E /* NJKWebViewProgressView.h */ = {isa = PBXFileReference; fileEncoding = 4; lastKnownFileType = sourcecode.c.h; path = NJKWebViewProgressView.h; sourceTree = "<group>"; };
		EC0BC4B621C2653500A6E50E /* NJKWebViewProgress.m */ = {isa = PBXFileReference; fileEncoding = 4; lastKnownFileType = sourcecode.c.objc; path = NJKWebViewProgress.m; sourceTree = "<group>"; };
		EC0BC4B721C2653500A6E50E /* NJKWebViewProgress.h */ = {isa = PBXFileReference; fileEncoding = 4; lastKnownFileType = sourcecode.c.h; path = NJKWebViewProgress.h; sourceTree = "<group>"; };
		EC0BC4B821C2653500A6E50E /* NJKWebViewProgressView.m */ = {isa = PBXFileReference; fileEncoding = 4; lastKnownFileType = sourcecode.c.objc; path = NJKWebViewProgressView.m; sourceTree = "<group>"; };
		EC0BC4B921C2653500A6E50E /* RxWebViewNavigationViewController.m */ = {isa = PBXFileReference; fileEncoding = 4; lastKnownFileType = sourcecode.c.objc; path = RxWebViewNavigationViewController.m; sourceTree = "<group>"; };
		EC0BC4BA21C2653500A6E50E /* RxWebViewController.m */ = {isa = PBXFileReference; fileEncoding = 4; lastKnownFileType = sourcecode.c.objc; path = RxWebViewController.m; sourceTree = "<group>"; };
		EC0BC4C121C2ADE900A6E50E /* BaseModel.h */ = {isa = PBXFileReference; lastKnownFileType = sourcecode.c.h; path = BaseModel.h; sourceTree = "<group>"; };
		EC0BC4C221C2ADE900A6E50E /* BaseModel.m */ = {isa = PBXFileReference; lastKnownFileType = sourcecode.c.objc; path = BaseModel.m; sourceTree = "<group>"; };
		EC0BC4C421C2AE1D00A6E50E /* ActressModel.h */ = {isa = PBXFileReference; lastKnownFileType = sourcecode.c.h; path = ActressModel.h; sourceTree = "<group>"; };
		EC0BC4C521C2AE1D00A6E50E /* ActressModel.m */ = {isa = PBXFileReference; lastKnownFileType = sourcecode.c.objc; path = ActressModel.m; sourceTree = "<group>"; };
		EC5F058D241D14C40055B6B5 /* MagneticModel.h */ = {isa = PBXFileReference; lastKnownFileType = sourcecode.c.h; path = MagneticModel.h; sourceTree = "<group>"; };
		EC5F058E241D14C40055B6B5 /* MagneticModel.m */ = {isa = PBXFileReference; lastKnownFileType = sourcecode.c.objc; path = MagneticModel.m; sourceTree = "<group>"; };
		EC5F0590241D16590055B6B5 /* NSString+XLHelper.h */ = {isa = PBXFileReference; lastKnownFileType = sourcecode.c.h; path = "NSString+XLHelper.h"; sourceTree = "<group>"; };
		EC5F0591241D16590055B6B5 /* NSString+XLHelper.m */ = {isa = PBXFileReference; lastKnownFileType = sourcecode.c.objc; path = "NSString+XLHelper.m"; sourceTree = "<group>"; };
		EC5F0593241D26D00055B6B5 /* MagneticItemCell.h */ = {isa = PBXFileReference; lastKnownFileType = sourcecode.c.h; path = MagneticItemCell.h; sourceTree = "<group>"; };
		EC5F0594241D26D00055B6B5 /* MagneticItemCell.m */ = {isa = PBXFileReference; lastKnownFileType = sourcecode.c.objc; path = MagneticItemCell.m; sourceTree = "<group>"; };
		EC73608A21D90D5B0031DFE0 /* SearchViewController.h */ = {isa = PBXFileReference; lastKnownFileType = sourcecode.c.h; path = SearchViewController.h; sourceTree = "<group>"; };
		EC73608B21D90D5B0031DFE0 /* SearchViewController.m */ = {isa = PBXFileReference; lastKnownFileType = sourcecode.c.objc; path = SearchViewController.m; sourceTree = "<group>"; };
		EC73608D21D90EF00031DFE0 /* MovieSearchListController.h */ = {isa = PBXFileReference; lastKnownFileType = sourcecode.c.h; path = MovieSearchListController.h; sourceTree = "<group>"; };
		EC73608E21D90EF00031DFE0 /* MovieSearchListController.m */ = {isa = PBXFileReference; lastKnownFileType = sourcecode.c.objc; path = MovieSearchListController.m; sourceTree = "<group>"; };
		EC73609021D90F630031DFE0 /* ActressSearchController.h */ = {isa = PBXFileReference; lastKnownFileType = sourcecode.c.h; path = ActressSearchController.h; sourceTree = "<group>"; };
		EC73609121D90F630031DFE0 /* ActressSearchController.m */ = {isa = PBXFileReference; lastKnownFileType = sourcecode.c.objc; path = ActressSearchController.m; sourceTree = "<group>"; };
		EC73609321D9C8870031DFE0 /* FontDefine.h */ = {isa = PBXFileReference; lastKnownFileType = sourcecode.c.h; path = FontDefine.h; sourceTree = "<group>"; };
		EC73609421DA5C280031DFE0 /* ActressSearchCell.h */ = {isa = PBXFileReference; lastKnownFileType = sourcecode.c.h; path = ActressSearchCell.h; sourceTree = "<group>"; };
		EC73609521DA5C280031DFE0 /* ActressSearchCell.m */ = {isa = PBXFileReference; lastKnownFileType = sourcecode.c.objc; path = ActressSearchCell.m; sourceTree = "<group>"; };
		EC73609621DA5C280031DFE0 /* ActressSearchCell.xib */ = {isa = PBXFileReference; lastKnownFileType = file.xib; path = ActressSearchCell.xib; sourceTree = "<group>"; };
		EC94A1F921DC52EE00C1BBCD /* PublicDialogManager.h */ = {isa = PBXFileReference; fileEncoding = 4; lastKnownFileType = sourcecode.c.h; path = PublicDialogManager.h; sourceTree = "<group>"; };
		EC94A1FA21DC52EF00C1BBCD /* PublicDialogManager.m */ = {isa = PBXFileReference; fileEncoding = 4; lastKnownFileType = sourcecode.c.objc; path = PublicDialogManager.m; sourceTree = "<group>"; };
		EC94A1FC21DCA1BA00C1BBCD /* ZHChineseConvert.h */ = {isa = PBXFileReference; lastKnownFileType = sourcecode.c.h; path = ZHChineseConvert.h; sourceTree = "<group>"; };
		EC94A1FD21DCA1BA00C1BBCD /* ZHChineseConvert.m */ = {isa = PBXFileReference; lastKnownFileType = sourcecode.c.objc; path = ZHChineseConvert.m; sourceTree = "<group>"; };
		EC94A1FF21DCA2ED00C1BBCD /* TraditionalCode.txt */ = {isa = PBXFileReference; fileEncoding = 4; lastKnownFileType = text; path = TraditionalCode.txt; sourceTree = "<group>"; };
		EC94A20021DCA2EE00C1BBCD /* SimplifiedCode.txt */ = {isa = PBXFileReference; fileEncoding = 4; lastKnownFileType = text; path = SimplifiedCode.txt; sourceTree = "<group>"; };
		EC9ABE1421CE935E00C4E90F /* GlobalTool.h */ = {isa = PBXFileReference; lastKnownFileType = sourcecode.c.h; path = GlobalTool.h; sourceTree = "<group>"; };
		EC9ABE1521CE935E00C4E90F /* GlobalTool.m */ = {isa = PBXFileReference; lastKnownFileType = sourcecode.c.objc; path = GlobalTool.m; sourceTree = "<group>"; };
		EC9ABE1B21CF4E8600C4E90F /* AddressSettingController.h */ = {isa = PBXFileReference; lastKnownFileType = sourcecode.c.h; path = AddressSettingController.h; sourceTree = "<group>"; };
		EC9ABE1C21CF4E8600C4E90F /* AddressSettingController.m */ = {isa = PBXFileReference; lastKnownFileType = sourcecode.c.objc; path = AddressSettingController.m; sourceTree = "<group>"; };
		EC9ABE1E21CFA5E300C4E90F /* AddressCell.h */ = {isa = PBXFileReference; lastKnownFileType = sourcecode.c.h; path = AddressCell.h; sourceTree = "<group>"; };
		EC9ABE1F21CFA5E300C4E90F /* AddressCell.m */ = {isa = PBXFileReference; lastKnownFileType = sourcecode.c.objc; path = AddressCell.m; sourceTree = "<group>"; };
		EC9ABE2021CFA5E300C4E90F /* AddressCell.xib */ = {isa = PBXFileReference; lastKnownFileType = file.xib; path = AddressCell.xib; sourceTree = "<group>"; };
		EC9D72FA21C7F41400C9F830 /* ActressDetailCell.h */ = {isa = PBXFileReference; lastKnownFileType = sourcecode.c.h; path = ActressDetailCell.h; sourceTree = "<group>"; };
		EC9D72FB21C7F41400C9F830 /* ActressDetailCell.m */ = {isa = PBXFileReference; lastKnownFileType = sourcecode.c.objc; path = ActressDetailCell.m; sourceTree = "<group>"; };
		EC9D72FC21C7F41400C9F830 /* ActressDetailCell.xib */ = {isa = PBXFileReference; lastKnownFileType = file.xib; path = ActressDetailCell.xib; sourceTree = "<group>"; };
		ECA791672416141300EDFF51 /* VideoPlayerManager.h */ = {isa = PBXFileReference; lastKnownFileType = sourcecode.c.h; path = VideoPlayerManager.h; sourceTree = "<group>"; };
		ECA791682416141300EDFF51 /* VideoPlayerManager.m */ = {isa = PBXFileReference; lastKnownFileType = sourcecode.c.objc; path = VideoPlayerManager.m; sourceTree = "<group>"; };
		ECAE2411241A077E0050FA8A /* GGDriveFileController.h */ = {isa = PBXFileReference; lastKnownFileType = sourcecode.c.h; path = GGDriveFileController.h; sourceTree = "<group>"; };
		ECAE2412241A077E0050FA8A /* GGDriveFileController.m */ = {isa = PBXFileReference; lastKnownFileType = sourcecode.c.objc; path = GGDriveFileController.m; sourceTree = "<group>"; };
		ECAE2414241A14710050FA8A /* GGDriveFolderCell.h */ = {isa = PBXFileReference; lastKnownFileType = sourcecode.c.h; path = GGDriveFolderCell.h; sourceTree = "<group>"; };
		ECAE2415241A14710050FA8A /* GGDriveFolderCell.m */ = {isa = PBXFileReference; lastKnownFileType = sourcecode.c.objc; path = GGDriveFolderCell.m; sourceTree = "<group>"; };
		ECAE2416241A14710050FA8A /* GGDriveFolderCell.xib */ = {isa = PBXFileReference; lastKnownFileType = file.xib; path = GGDriveFolderCell.xib; sourceTree = "<group>"; };
		ECAE2419241A1B890050FA8A /* GGDriveFileCell.h */ = {isa = PBXFileReference; lastKnownFileType = sourcecode.c.h; path = GGDriveFileCell.h; sourceTree = "<group>"; };
		ECAE241A241A1B890050FA8A /* GGDriveFileCell.m */ = {isa = PBXFileReference; lastKnownFileType = sourcecode.c.objc; path = GGDriveFileCell.m; sourceTree = "<group>"; };
		ECAE241B241A1B8A0050FA8A /* GGDriveFileCell.xib */ = {isa = PBXFileReference; lastKnownFileType = file.xib; path = GGDriveFileCell.xib; sourceTree = "<group>"; };
		ECAE241E241A77A20050FA8A /* DropBoxManager.h */ = {isa = PBXFileReference; lastKnownFileType = sourcecode.c.h; path = DropBoxManager.h; sourceTree = "<group>"; };
		ECAE241F241A77A20050FA8A /* DropBoxManager.m */ = {isa = PBXFileReference; lastKnownFileType = sourcecode.c.objc; path = DropBoxManager.m; sourceTree = "<group>"; };
		ECBCAAA5241E165500005732 /* MagneticListView.h */ = {isa = PBXFileReference; lastKnownFileType = sourcecode.c.h; path = MagneticListView.h; sourceTree = "<group>"; };
		ECBCAAA6241E165500005732 /* MagneticListView.m */ = {isa = PBXFileReference; lastKnownFileType = sourcecode.c.objc; path = MagneticListView.m; sourceTree = "<group>"; };
		ECCCE41721E39D50006833FE /* Encrypt.h */ = {isa = PBXFileReference; fileEncoding = 4; lastKnownFileType = sourcecode.c.h; path = Encrypt.h; sourceTree = "<group>"; };
		ECCCE41821E39D51006833FE /* Encrypt.m */ = {isa = PBXFileReference; fileEncoding = 4; lastKnownFileType = sourcecode.c.objc; path = Encrypt.m; sourceTree = "<group>"; };
		ECCCE41A21E42F48006833FE /* MovieCachedController.h */ = {isa = PBXFileReference; lastKnownFileType = sourcecode.c.h; path = MovieCachedController.h; sourceTree = "<group>"; };
		ECCCE41B21E42F48006833FE /* MovieCachedController.m */ = {isa = PBXFileReference; lastKnownFileType = sourcecode.c.objc; path = MovieCachedController.m; sourceTree = "<group>"; };
		ECD4F4F524167D7F0076269B /* GoogleDriveController.h */ = {isa = PBXFileReference; lastKnownFileType = sourcecode.c.h; path = GoogleDriveController.h; sourceTree = "<group>"; };
		ECD4F4F624167D800076269B /* GoogleDriveController.m */ = {isa = PBXFileReference; lastKnownFileType = sourcecode.c.objc; path = GoogleDriveController.m; sourceTree = "<group>"; };
		ECD4F4F9241795AA0076269B /* GoogleSignInManager.h */ = {isa = PBXFileReference; lastKnownFileType = sourcecode.c.h; path = GoogleSignInManager.h; sourceTree = "<group>"; };
		ECD4F4FA241795AA0076269B /* GoogleSignInManager.m */ = {isa = PBXFileReference; lastKnownFileType = sourcecode.c.objc; path = GoogleSignInManager.m; sourceTree = "<group>"; };
		ECD4F4FC2417D9010076269B /* GoogleDriveManager.h */ = {isa = PBXFileReference; lastKnownFileType = sourcecode.c.h; path = GoogleDriveManager.h; sourceTree = "<group>"; };
		ECD4F4FD2417D9010076269B /* GoogleDriveManager.m */ = {isa = PBXFileReference; lastKnownFileType = sourcecode.c.objc; path = GoogleDriveManager.m; sourceTree = "<group>"; };
		ECD4FD9921C5428800645593 /* HttpManager.m */ = {isa = PBXFileReference; fileEncoding = 4; lastKnownFileType = sourcecode.c.objc; path = HttpManager.m; sourceTree = "<group>"; };
		ECD4FD9A21C5428800645593 /* HttpManager.h */ = {isa = PBXFileReference; fileEncoding = 4; lastKnownFileType = sourcecode.c.h; path = HttpManager.h; sourceTree = "<group>"; };
		ECD99AD421C6891A0043DB0C /* HtmlToJsonManager.m */ = {isa = PBXFileReference; fileEncoding = 4; lastKnownFileType = sourcecode.c.objc; path = HtmlToJsonManager.m; sourceTree = "<group>"; };
		ECD99AD521C6891A0043DB0C /* HtmlToJsonManager.h */ = {isa = PBXFileReference; fileEncoding = 4; lastKnownFileType = sourcecode.c.h; path = HtmlToJsonManager.h; sourceTree = "<group>"; };
		ECD99AD721C697540043DB0C /* ActressDetailController.h */ = {isa = PBXFileReference; lastKnownFileType = sourcecode.c.h; path = ActressDetailController.h; sourceTree = "<group>"; };
		ECD99AD821C697540043DB0C /* ActressDetailController.m */ = {isa = PBXFileReference; lastKnownFileType = sourcecode.c.objc; path = ActressDetailController.m; sourceTree = "<group>"; };
		ECD99AEB21C7E0880043DB0C /* LJJWaterFlowLayout.m */ = {isa = PBXFileReference; fileEncoding = 4; lastKnownFileType = sourcecode.c.objc; path = LJJWaterFlowLayout.m; sourceTree = "<group>"; };
		ECD99AEC21C7E0880043DB0C /* LJJWaterFlowLayout.h */ = {isa = PBXFileReference; fileEncoding = 4; lastKnownFileType = sourcecode.c.h; path = LJJWaterFlowLayout.h; sourceTree = "<group>"; };
		ECD99AEE21C7EDB90043DB0C /* MovieListModel.h */ = {isa = PBXFileReference; lastKnownFileType = sourcecode.c.h; path = MovieListModel.h; sourceTree = "<group>"; };
		ECD99AEF21C7EDB90043DB0C /* MovieListModel.m */ = {isa = PBXFileReference; lastKnownFileType = sourcecode.c.objc; path = MovieListModel.m; sourceTree = "<group>"; };
		ECDF476D2380484B0080EDA7 /* VideoPlayerView.m */ = {isa = PBXFileReference; fileEncoding = 4; lastKnownFileType = sourcecode.c.objc; path = VideoPlayerView.m; sourceTree = "<group>"; };
		ECDF476E2380484B0080EDA7 /* VideoPlayerView.h */ = {isa = PBXFileReference; fileEncoding = 4; lastKnownFileType = sourcecode.c.h; path = VideoPlayerView.h; sourceTree = "<group>"; };
		ECF79B2821DDB372008C097D /* DBManager.h */ = {isa = PBXFileReference; lastKnownFileType = sourcecode.c.h; path = DBManager.h; sourceTree = "<group>"; };
		ECF79B2921DDB372008C097D /* DBManager.m */ = {isa = PBXFileReference; lastKnownFileType = sourcecode.c.objc; path = DBManager.m; sourceTree = "<group>"; };
		ECF79B2B21DDE2C8008C097D /* CollectionViewController.h */ = {isa = PBXFileReference; lastKnownFileType = sourcecode.c.h; path = CollectionViewController.h; sourceTree = "<group>"; };
		ECF79B2C21DDE2C8008C097D /* CollectionViewController.m */ = {isa = PBXFileReference; lastKnownFileType = sourcecode.c.objc; path = CollectionViewController.m; sourceTree = "<group>"; };
		ECF79B2E21DDE2DA008C097D /* ActressCollectionController.h */ = {isa = PBXFileReference; lastKnownFileType = sourcecode.c.h; path = ActressCollectionController.h; sourceTree = "<group>"; };
		ECF79B2F21DDE2DA008C097D /* ActressCollectionController.m */ = {isa = PBXFileReference; lastKnownFileType = sourcecode.c.objc; path = ActressCollectionController.m; sourceTree = "<group>"; };
		ECF79B3121DDE2F7008C097D /* MovieCollectionController.h */ = {isa = PBXFileReference; lastKnownFileType = sourcecode.c.h; path = MovieCollectionController.h; sourceTree = "<group>"; };
		ECF79B3221DDE2F7008C097D /* MovieCollectionController.m */ = {isa = PBXFileReference; lastKnownFileType = sourcecode.c.objc; path = MovieCollectionController.m; sourceTree = "<group>"; };
		ECF79B3821DEF680008C097D /* SettingViewController.h */ = {isa = PBXFileReference; lastKnownFileType = sourcecode.c.h; path = SettingViewController.h; sourceTree = "<group>"; };
		ECF79B3921DEF680008C097D /* SettingViewController.m */ = {isa = PBXFileReference; lastKnownFileType = sourcecode.c.objc; path = SettingViewController.m; sourceTree = "<group>"; };
		ECF9455921D46AB50043E898 /* MainTabViewController.m */ = {isa = PBXFileReference; fileEncoding = 4; lastKnownFileType = sourcecode.c.objc; path = MainTabViewController.m; sourceTree = "<group>"; };
		ECF9455A21D46AB50043E898 /* MainTabViewController.h */ = {isa = PBXFileReference; fileEncoding = 4; lastKnownFileType = sourcecode.c.h; path = MainTabViewController.h; sourceTree = "<group>"; };
		ECF9455C21D4AAB60043E898 /* MovieUncensoredController.h */ = {isa = PBXFileReference; lastKnownFileType = sourcecode.c.h; path = MovieUncensoredController.h; sourceTree = "<group>"; };
		ECF9455D21D4AAB60043E898 /* MovieUncensoredController.m */ = {isa = PBXFileReference; lastKnownFileType = sourcecode.c.objc; path = MovieUncensoredController.m; sourceTree = "<group>"; };
		ECF9455F21D4ACD20043E898 /* MovieXvideoController.h */ = {isa = PBXFileReference; lastKnownFileType = sourcecode.c.h; path = MovieXvideoController.h; sourceTree = "<group>"; };
		ECF9456021D4ACD20043E898 /* MovieXvideoController.m */ = {isa = PBXFileReference; lastKnownFileType = sourcecode.c.objc; path = MovieXvideoController.m; sourceTree = "<group>"; };
		ECF9456221D4AD5E0043E898 /* ActorListBaseController.h */ = {isa = PBXFileReference; lastKnownFileType = sourcecode.c.h; path = ActorListBaseController.h; sourceTree = "<group>"; };
		ECF9456321D4AD5E0043E898 /* ActorListBaseController.m */ = {isa = PBXFileReference; lastKnownFileType = sourcecode.c.objc; path = ActorListBaseController.m; sourceTree = "<group>"; };
		ECF9456521D4AFB90043E898 /* ActressUncensoredListController.h */ = {isa = PBXFileReference; lastKnownFileType = sourcecode.c.h; path = ActressUncensoredListController.h; sourceTree = "<group>"; };
		ECF9456621D4AFBA0043E898 /* ActressUncensoredListController.m */ = {isa = PBXFileReference; lastKnownFileType = sourcecode.c.objc; path = ActressUncensoredListController.m; sourceTree = "<group>"; };
		ECF9456821D4B5B60043E898 /* MovieCategoryController.h */ = {isa = PBXFileReference; lastKnownFileType = sourcecode.c.h; path = MovieCategoryController.h; sourceTree = "<group>"; };
		ECF9456921D4B5B60043E898 /* MovieCategoryController.m */ = {isa = PBXFileReference; lastKnownFileType = sourcecode.c.objc; path = MovieCategoryController.m; sourceTree = "<group>"; };
		ECF9456B21D4B7BC0043E898 /* CensoredCategoryController.h */ = {isa = PBXFileReference; lastKnownFileType = sourcecode.c.h; path = CensoredCategoryController.h; sourceTree = "<group>"; };
		ECF9456C21D4B7BC0043E898 /* CensoredCategoryController.m */ = {isa = PBXFileReference; lastKnownFileType = sourcecode.c.objc; path = CensoredCategoryController.m; sourceTree = "<group>"; };
		ECF9456E21D4B7CB0043E898 /* UnCensoredCategoryController.h */ = {isa = PBXFileReference; lastKnownFileType = sourcecode.c.h; path = UnCensoredCategoryController.h; sourceTree = "<group>"; };
		ECF9456F21D4B7CB0043E898 /* UnCensoredCategoryController.m */ = {isa = PBXFileReference; lastKnownFileType = sourcecode.c.objc; path = UnCensoredCategoryController.m; sourceTree = "<group>"; };
		ECF9457221D4B86C0043E898 /* CategoryModel.h */ = {isa = PBXFileReference; lastKnownFileType = sourcecode.c.h; path = CategoryModel.h; sourceTree = "<group>"; };
		ECF9457321D4B86C0043E898 /* CategoryModel.m */ = {isa = PBXFileReference; lastKnownFileType = sourcecode.c.objc; path = CategoryModel.m; sourceTree = "<group>"; };
		ECF9457521D4C0DD0043E898 /* CategoryItemListController.h */ = {isa = PBXFileReference; lastKnownFileType = sourcecode.c.h; path = CategoryItemListController.h; sourceTree = "<group>"; };
		ECF9457621D4C0DD0043E898 /* CategoryItemListController.m */ = {isa = PBXFileReference; lastKnownFileType = sourcecode.c.objc; path = CategoryItemListController.m; sourceTree = "<group>"; };
		ECF9457821D4CB630043E898 /* MovieDetailController.h */ = {isa = PBXFileReference; lastKnownFileType = sourcecode.c.h; path = MovieDetailController.h; sourceTree = "<group>"; };
		ECF9457921D4CB630043E898 /* MovieDetailController.m */ = {isa = PBXFileReference; lastKnownFileType = sourcecode.c.objc; path = MovieDetailController.m; sourceTree = "<group>"; };
		ECF9457B21D51AB20043E898 /* TitleLinkModel.h */ = {isa = PBXFileReference; lastKnownFileType = sourcecode.c.h; path = TitleLinkModel.h; sourceTree = "<group>"; };
		ECF9457C21D51AB20043E898 /* TitleLinkModel.m */ = {isa = PBXFileReference; lastKnownFileType = sourcecode.c.objc; path = TitleLinkModel.m; sourceTree = "<group>"; };
		ECF9457E21D5ACD50043E898 /* MovieDetailModel.h */ = {isa = PBXFileReference; lastKnownFileType = sourcecode.c.h; path = MovieDetailModel.h; sourceTree = "<group>"; };
		ECF9457F21D5ACD50043E898 /* MovieDetailModel.m */ = {isa = PBXFileReference; lastKnownFileType = sourcecode.c.objc; path = MovieDetailModel.m; sourceTree = "<group>"; };
		ECF9458221D5ECA10043E898 /* LinkButton.h */ = {isa = PBXFileReference; lastKnownFileType = sourcecode.c.h; path = LinkButton.h; sourceTree = "<group>"; };
		ECF9458321D5ECA10043E898 /* LinkButton.m */ = {isa = PBXFileReference; lastKnownFileType = sourcecode.c.objc; path = LinkButton.m; sourceTree = "<group>"; };
		ECF9458521D5FC220043E898 /* ScreenShotModel.h */ = {isa = PBXFileReference; lastKnownFileType = sourcecode.c.h; path = ScreenShotModel.h; sourceTree = "<group>"; };
		ECF9458621D5FC220043E898 /* ScreenShotModel.m */ = {isa = PBXFileReference; lastKnownFileType = sourcecode.c.objc; path = ScreenShotModel.m; sourceTree = "<group>"; };
		ECF9458821D5FED70043E898 /* ScreenShotCell.h */ = {isa = PBXFileReference; lastKnownFileType = sourcecode.c.h; path = ScreenShotCell.h; sourceTree = "<group>"; };
		ECF9458921D5FED70043E898 /* ScreenShotCell.m */ = {isa = PBXFileReference; lastKnownFileType = sourcecode.c.objc; path = ScreenShotCell.m; sourceTree = "<group>"; };
		ECF9458A21D5FED70043E898 /* ScreenShotCell.xib */ = {isa = PBXFileReference; lastKnownFileType = file.xib; path = ScreenShotCell.xib; sourceTree = "<group>"; };
		ECF9458D21D60AE00043E898 /* RecommendModel.h */ = {isa = PBXFileReference; lastKnownFileType = sourcecode.c.h; path = RecommendModel.h; sourceTree = "<group>"; };
		ECF9458E21D60AE00043E898 /* RecommendModel.m */ = {isa = PBXFileReference; lastKnownFileType = sourcecode.c.objc; path = RecommendModel.m; sourceTree = "<group>"; };
		ECF9459021D60D560043E898 /* RecommendCell.h */ = {isa = PBXFileReference; lastKnownFileType = sourcecode.c.h; path = RecommendCell.h; sourceTree = "<group>"; };
		ECF9459121D60D560043E898 /* RecommendCell.m */ = {isa = PBXFileReference; lastKnownFileType = sourcecode.c.objc; path = RecommendCell.m; sourceTree = "<group>"; };
		ECF9459221D60D560043E898 /* RecommendCell.xib */ = {isa = PBXFileReference; lastKnownFileType = file.xib; path = RecommendCell.xib; sourceTree = "<group>"; };
		ECFD29BD21D37E960085E257 /* MovieListBaseController.h */ = {isa = PBXFileReference; lastKnownFileType = sourcecode.c.h; path = MovieListBaseController.h; sourceTree = "<group>"; };
		ECFD29BE21D37E960085E257 /* MovieListBaseController.m */ = {isa = PBXFileReference; lastKnownFileType = sourcecode.c.objc; path = MovieListBaseController.m; sourceTree = "<group>"; };
		ECFD29C021D37FBC0085E257 /* MovieMainController.h */ = {isa = PBXFileReference; lastKnownFileType = sourcecode.c.h; path = MovieMainController.h; sourceTree = "<group>"; };
		ECFD29C121D37FBC0085E257 /* MovieMainController.m */ = {isa = PBXFileReference; lastKnownFileType = sourcecode.c.objc; path = MovieMainController.m; sourceTree = "<group>"; };
/* End PBXFileReference section */

/* Begin PBXFrameworksBuildPhase section */
		EC0BC43B21C2394900A6E50E /* Frameworks */ = {
			isa = PBXFrameworksBuildPhase;
			buildActionMask = 2147483647;
			files = (
				20FA9D8906F3E0738C121653 /* libPods-JAVBus.a in Frameworks */,
			);
			runOnlyForDeploymentPostprocessing = 0;
		};
		EC0BC45321C2394B00A6E50E /* Frameworks */ = {
			isa = PBXFrameworksBuildPhase;
			buildActionMask = 2147483647;
			files = (
				AFBB54BCC9FC8A3F8371087C /* libPods-JAVBusTests.a in Frameworks */,
			);
			runOnlyForDeploymentPostprocessing = 0;
		};
		EC0BC45E21C2394B00A6E50E /* Frameworks */ = {
			isa = PBXFrameworksBuildPhase;
			buildActionMask = 2147483647;
			files = (
				9A4B0DA3D54BB094B29C64D5 /* libPods-JAVBusUITests.a in Frameworks */,
			);
			runOnlyForDeploymentPostprocessing = 0;
		};
/* End PBXFrameworksBuildPhase section */

/* Begin PBXGroup section */
		12941D2C8DE38B44052CD50C /* Pods */ = {
			isa = PBXGroup;
			children = (
				82F886EA565FCBCA72C6BF4E /* Pods-JAVBus.debug.xcconfig */,
				A9F9BC623466FD40AF79A988 /* Pods-JAVBus.release.xcconfig */,
				D9174191B1E5409EE51BCC81 /* Pods-JAVBusTests.debug.xcconfig */,
				40ED61FAFF4ADBE0F300A854 /* Pods-JAVBusTests.release.xcconfig */,
				C21BD270C8EDE3D7C2D4F1CD /* Pods-JAVBusUITests.debug.xcconfig */,
				5C70DFAD6B40A9D114CB27E7 /* Pods-JAVBusUITests.release.xcconfig */,
			);
			name = Pods;
			sourceTree = "<group>";
		};
		14EC6D69B7D46038BF88A50A /* Frameworks */ = {
			isa = PBXGroup;
			children = (
				4355E13C10486BC7E5DF018B /* libPods-JAVBus.a */,
				B086890A2D06BA45EF4AAC7C /* libPods-JAVBusTests.a */,
				8115FEBAB3603AB5CB74D91E /* libPods-JAVBusUITests.a */,
			);
			name = Frameworks;
			sourceTree = "<group>";
		};
		EC0BC43521C2394900A6E50E = {
			isa = PBXGroup;
			children = (
				EC0BC44021C2394900A6E50E /* JAVBus */,
				EC0BC45921C2394B00A6E50E /* JAVBusTests */,
				EC0BC46421C2394B00A6E50E /* JAVBusUITests */,
				EC0BC43F21C2394900A6E50E /* Products */,
				12941D2C8DE38B44052CD50C /* Pods */,
				14EC6D69B7D46038BF88A50A /* Frameworks */,
			);
			sourceTree = "<group>";
		};
		EC0BC43F21C2394900A6E50E /* Products */ = {
			isa = PBXGroup;
			children = (
				EC0BC43E21C2394900A6E50E /* JAVBus.app */,
				EC0BC45621C2394B00A6E50E /* JAVBusTests.xctest */,
				EC0BC46121C2394B00A6E50E /* JAVBusUITests.xctest */,
			);
			name = Products;
			sourceTree = "<group>";
		};
		EC0BC44021C2394900A6E50E /* JAVBus */ = {
			isa = PBXGroup;
			children = (
				EC0BC47B21C2587900A6E50E /* PrefixHeader.pch */,
				EC0BC47C21C259E200A6E50E /* Defines */,
				EC0BC47F21C25B5000A6E50E /* Category */,
				ECA79166241613E600EDFF51 /* Common */,
				EC0BC4AE21C2651D00A6E50E /* Library */,
				EC0BC4A221C25D1D00A6E50E /* BaseTools */,
				EC9ABE1721CF4BE200C4E90F /* Setting */,
				ECFD29BC21D37E750085E257 /* Controller */,
				EC0BC4A121C25CD500A6E50E /* Actress */,
				EC0BC44121C2394900A6E50E /* AppDelegate.h */,
				EC0BC44221C2394900A6E50E /* AppDelegate.m */,
				ECF9455A21D46AB50043E898 /* MainTabViewController.h */,
				ECF9455921D46AB50043E898 /* MainTabViewController.m */,
				EC0BC44421C2394900A6E50E /* MainViewController.h */,
				EC0BC44521C2394900A6E50E /* MainViewController.m */,
				EC0BC44721C2394900A6E50E /* Main.storyboard */,
				EC0BC44A21C2394B00A6E50E /* Assets.xcassets */,
				EC0BC44C21C2394B00A6E50E /* LaunchScreen.storyboard */,
				EC0BC44F21C2394B00A6E50E /* Info.plist */,
				EC0BC45021C2394B00A6E50E /* main.m */,
			);
			path = JAVBus;
			sourceTree = "<group>";
		};
		EC0BC45921C2394B00A6E50E /* JAVBusTests */ = {
			isa = PBXGroup;
			children = (
				EC0BC45A21C2394B00A6E50E /* JAVBusTests.m */,
				EC0BC45C21C2394B00A6E50E /* Info.plist */,
			);
			path = JAVBusTests;
			sourceTree = "<group>";
		};
		EC0BC46421C2394B00A6E50E /* JAVBusUITests */ = {
			isa = PBXGroup;
			children = (
				EC0BC46521C2394B00A6E50E /* JAVBusUITests.m */,
				EC0BC46721C2394B00A6E50E /* Info.plist */,
			);
			path = JAVBusUITests;
			sourceTree = "<group>";
		};
		EC0BC47C21C259E200A6E50E /* Defines */ = {
			isa = PBXGroup;
			children = (
				EC0BC47E21C259F300A6E50E /* PublicDefines.h */,
				EC73609321D9C8870031DFE0 /* FontDefine.h */,
				EC0BC47D21C259F300A6E50E /* Singleton.h */,
			);
			path = Defines;
			sourceTree = "<group>";
		};
		EC0BC47F21C25B5000A6E50E /* Category */ = {
			isa = PBXGroup;
			children = (
				EC0BC48D21C25B5000A6E50E /* NSString+XExtend.h */,
				EC0BC48221C25B5000A6E50E /* NSString+XExtend.m */,
				EC0BC48C21C25B5000A6E50E /* UIColor+Hex.h */,
				EC0BC48321C25B5000A6E50E /* UIColor+Hex.m */,
				EC0BC48621C25B5000A6E50E /* SQPrintJsonLog.h */,
				EC0BC48F21C25B5000A6E50E /* SQPrintJsonLog.m */,
				EC0BC49421C25B5000A6E50E /* NSObject+runtimeCopy.h */,
				EC0BC48821C25B5000A6E50E /* NSObject+runtimeCopy.m */,
				EC0BC48A21C25B5000A6E50E /* UIView+AddFunc.h */,
				EC0BC49221C25B5000A6E50E /* UIView+AddFunc.m */,
				EC0BC48021C25B5000A6E50E /* UIAlertView+ActionBlock.h */,
				EC0BC48B21C25B5000A6E50E /* UIAlertView+ActionBlock.m */,
				EC0BC48E21C25B5000A6E50E /* UIImageView+Scale.h */,
				EC0BC48121C25B5000A6E50E /* UIImageView+Scale.m */,
				EC0BC49021C25B5000A6E50E /* NSDate+Utilities.h */,
				EC0BC48521C25B5000A6E50E /* NSDate+Utilities.m */,
				EC0BC49121C25B5000A6E50E /* UIScrollView+Refresh.h */,
				EC0BC48421C25B5000A6E50E /* UIScrollView+Refresh.m */,
				EC0BC49321C25B5000A6E50E /* NSDate+XExtend.h */,
				EC0BC48921C25B5000A6E50E /* NSDate+XExtend.m */,
				EC0BC48721C25B5000A6E50E /* NSString+RegExp.h */,
				EC0BC49521C25B5000A6E50E /* NSString+RegExp.m */,
				EC5F0590241D16590055B6B5 /* NSString+XLHelper.h */,
				EC5F0591241D16590055B6B5 /* NSString+XLHelper.m */,
			);
			path = Category;
			sourceTree = "<group>";
		};
		EC0BC4A121C25CD500A6E50E /* Actress */ = {
			isa = PBXGroup;
			children = (
				EC0BC4A621C25DAB00A6E50E /* ActressCodeController.h */,
				EC0BC4A721C25DAB00A6E50E /* ActressCodeController.m */,
				ECF9456521D4AFB90043E898 /* ActressUncensoredListController.h */,
				ECF9456621D4AFBA0043E898 /* ActressUncensoredListController.m */,
				ECD99AD721C697540043DB0C /* ActressDetailController.h */,
				ECD99AD821C697540043DB0C /* ActressDetailController.m */,
				EC9D72FA21C7F41400C9F830 /* ActressDetailCell.h */,
				EC9D72FB21C7F41400C9F830 /* ActressDetailCell.m */,
				EC9D72FC21C7F41400C9F830 /* ActressDetailCell.xib */,
				ECD99AEC21C7E0880043DB0C /* LJJWaterFlowLayout.h */,
				ECD99AEB21C7E0880043DB0C /* LJJWaterFlowLayout.m */,
				EC0BC4AA21C25E3C00A6E50E /* ActressCell.h */,
				EC0BC4A921C25E3C00A6E50E /* ActressCell.m */,
				EC0BC4AB21C25E3C00A6E50E /* ActressCell.xib */,
				EC0BC4C421C2AE1D00A6E50E /* ActressModel.h */,
				EC0BC4C521C2AE1D00A6E50E /* ActressModel.m */,
				ECD99AEE21C7EDB90043DB0C /* MovieListModel.h */,
				ECD99AEF21C7EDB90043DB0C /* MovieListModel.m */,
			);
			path = Actress;
			sourceTree = "<group>";
		};
		EC0BC4A221C25D1D00A6E50E /* BaseTools */ = {
			isa = PBXGroup;
			children = (
				EC0BC4A321C25D3300A6E50E /* BaseViewController.h */,
				EC0BC4A421C25D3300A6E50E /* BaseViewController.m */,
				EC0BC4C121C2ADE900A6E50E /* BaseModel.h */,
				EC0BC4C221C2ADE900A6E50E /* BaseModel.m */,
				ECD4FD9A21C5428800645593 /* HttpManager.h */,
				ECD4FD9921C5428800645593 /* HttpManager.m */,
				ECD99AD521C6891A0043DB0C /* HtmlToJsonManager.h */,
				ECD99AD421C6891A0043DB0C /* HtmlToJsonManager.m */,
				EC9ABE1421CE935E00C4E90F /* GlobalTool.h */,
				EC9ABE1521CE935E00C4E90F /* GlobalTool.m */,
				EC94A1F921DC52EE00C1BBCD /* PublicDialogManager.h */,
				EC94A1FA21DC52EF00C1BBCD /* PublicDialogManager.m */,
				EC94A1FC21DCA1BA00C1BBCD /* ZHChineseConvert.h */,
				EC94A1FD21DCA1BA00C1BBCD /* ZHChineseConvert.m */,
				EC94A20021DCA2EE00C1BBCD /* SimplifiedCode.txt */,
				EC94A1FF21DCA2ED00C1BBCD /* TraditionalCode.txt */,
				ECF79B2821DDB372008C097D /* DBManager.h */,
				ECF79B2921DDB372008C097D /* DBManager.m */,
				ECCCE41721E39D50006833FE /* Encrypt.h */,
				ECCCE41821E39D51006833FE /* Encrypt.m */,
			);
			path = BaseTools;
			sourceTree = "<group>";
		};
		EC0BC4AE21C2651D00A6E50E /* Library */ = {
			isa = PBXGroup;
			children = (
				EC0BC4AF21C2653500A6E50E /* RxWebViewController */,
			);
			path = Library;
			sourceTree = "<group>";
		};
		EC0BC4AF21C2653500A6E50E /* RxWebViewController */ = {
			isa = PBXGroup;
			children = (
				EC0BC4B021C2653500A6E50E /* backItemImage_hl@2x.png */,
				EC0BC4B121C2653500A6E50E /* backItemImage@2x.png */,
				EC0BC4B221C2653500A6E50E /* RxWebViewNavigationViewController.h */,
				EC0BC4B321C2653500A6E50E /* RxWebViewController.h */,
				EC0BC4B421C2653500A6E50E /* NJKWebViewProgress */,
				EC0BC4B921C2653500A6E50E /* RxWebViewNavigationViewController.m */,
				EC0BC4BA21C2653500A6E50E /* RxWebViewController.m */,
			);
			path = RxWebViewController;
			sourceTree = "<group>";
		};
		EC0BC4B421C2653500A6E50E /* NJKWebViewProgress */ = {
			isa = PBXGroup;
			children = (
				EC0BC4B521C2653500A6E50E /* NJKWebViewProgressView.h */,
				EC0BC4B621C2653500A6E50E /* NJKWebViewProgress.m */,
				EC0BC4B721C2653500A6E50E /* NJKWebViewProgress.h */,
				EC0BC4B821C2653500A6E50E /* NJKWebViewProgressView.m */,
			);
			path = NJKWebViewProgress;
			sourceTree = "<group>";
		};
		EC9ABE1721CF4BE200C4E90F /* Setting */ = {
			isa = PBXGroup;
			children = (
				EC9ABE1B21CF4E8600C4E90F /* AddressSettingController.h */,
				EC9ABE1C21CF4E8600C4E90F /* AddressSettingController.m */,
				EC9ABE1E21CFA5E300C4E90F /* AddressCell.h */,
				EC9ABE1F21CFA5E300C4E90F /* AddressCell.m */,
				EC9ABE2021CFA5E300C4E90F /* AddressCell.xib */,
			);
			path = Setting;
			sourceTree = "<group>";
		};
		ECA79166241613E600EDFF51 /* Common */ = {
			isa = PBXGroup;
			children = (
				ECDF476E2380484B0080EDA7 /* VideoPlayerView.h */,
				ECDF476D2380484B0080EDA7 /* VideoPlayerView.m */,
				ECA791672416141300EDFF51 /* VideoPlayerManager.h */,
				ECA791682416141300EDFF51 /* VideoPlayerManager.m */,
				ECD4F4F9241795AA0076269B /* GoogleSignInManager.h */,
				ECD4F4FA241795AA0076269B /* GoogleSignInManager.m */,
				ECD4F4FC2417D9010076269B /* GoogleDriveManager.h */,
				ECD4F4FD2417D9010076269B /* GoogleDriveManager.m */,
				ECAE2411241A077E0050FA8A /* GGDriveFileController.h */,
				ECAE2412241A077E0050FA8A /* GGDriveFileController.m */,
				ECAE2414241A14710050FA8A /* GGDriveFolderCell.h */,
				ECAE2415241A14710050FA8A /* GGDriveFolderCell.m */,
				ECAE2416241A14710050FA8A /* GGDriveFolderCell.xib */,
				ECAE2419241A1B890050FA8A /* GGDriveFileCell.h */,
				ECAE241A241A1B890050FA8A /* GGDriveFileCell.m */,
				ECAE241B241A1B8A0050FA8A /* GGDriveFileCell.xib */,
				ECAE241E241A77A20050FA8A /* DropBoxManager.h */,
				ECAE241F241A77A20050FA8A /* DropBoxManager.m */,
			);
			path = Common;
			sourceTree = "<group>";
		};
		ECF9457121D4B85E0043E898 /* Model */ = {
			isa = PBXGroup;
			children = (
				ECF9457221D4B86C0043E898 /* CategoryModel.h */,
				ECF9457321D4B86C0043E898 /* CategoryModel.m */,
				ECF9457B21D51AB20043E898 /* TitleLinkModel.h */,
				ECF9457C21D51AB20043E898 /* TitleLinkModel.m */,
				ECF9457E21D5ACD50043E898 /* MovieDetailModel.h */,
				ECF9457F21D5ACD50043E898 /* MovieDetailModel.m */,
				ECF9458521D5FC220043E898 /* ScreenShotModel.h */,
				ECF9458621D5FC220043E898 /* ScreenShotModel.m */,
				ECF9458D21D60AE00043E898 /* RecommendModel.h */,
				ECF9458E21D60AE00043E898 /* RecommendModel.m */,
				EC5F058D241D14C40055B6B5 /* MagneticModel.h */,
				EC5F058E241D14C40055B6B5 /* MagneticModel.m */,
			);
			path = Model;
			sourceTree = "<group>";
		};
		ECF9458121D5EB7A0043E898 /* Views */ = {
			isa = PBXGroup;
			children = (
				ECF9458221D5ECA10043E898 /* LinkButton.h */,
				ECF9458321D5ECA10043E898 /* LinkButton.m */,
			);
			path = Views;
			sourceTree = "<group>";
		};
		ECFD29BC21D37E750085E257 /* Controller */ = {
			isa = PBXGroup;
			children = (
				ECF9458121D5EB7A0043E898 /* Views */,
				ECF9457121D4B85E0043E898 /* Model */,
				ECFD29BD21D37E960085E257 /* MovieListBaseController.h */,
				ECFD29BE21D37E960085E257 /* MovieListBaseController.m */,
				ECF9456221D4AD5E0043E898 /* ActorListBaseController.h */,
				ECF9456321D4AD5E0043E898 /* ActorListBaseController.m */,
				ECF9456821D4B5B60043E898 /* MovieCategoryController.h */,
				ECF9456921D4B5B60043E898 /* MovieCategoryController.m */,
				ECFD29C021D37FBC0085E257 /* MovieMainController.h */,
				ECFD29C121D37FBC0085E257 /* MovieMainController.m */,
				ECF9455C21D4AAB60043E898 /* MovieUncensoredController.h */,
				ECF9455D21D4AAB60043E898 /* MovieUncensoredController.m */,
				ECF9455F21D4ACD20043E898 /* MovieXvideoController.h */,
				ECF9456021D4ACD20043E898 /* MovieXvideoController.m */,
				ECF9456B21D4B7BC0043E898 /* CensoredCategoryController.h */,
				ECF9456C21D4B7BC0043E898 /* CensoredCategoryController.m */,
				ECF9456E21D4B7CB0043E898 /* UnCensoredCategoryController.h */,
				ECF9456F21D4B7CB0043E898 /* UnCensoredCategoryController.m */,
				ECF9457521D4C0DD0043E898 /* CategoryItemListController.h */,
				ECF9457621D4C0DD0043E898 /* CategoryItemListController.m */,
				ECF9457821D4CB630043E898 /* MovieDetailController.h */,
				ECF9457921D4CB630043E898 /* MovieDetailController.m */,
				EC5F0593241D26D00055B6B5 /* MagneticItemCell.h */,
				EC5F0594241D26D00055B6B5 /* MagneticItemCell.m */,
				ECBCAAA5241E165500005732 /* MagneticListView.h */,
				ECBCAAA6241E165500005732 /* MagneticListView.m */,
				ECF9458821D5FED70043E898 /* ScreenShotCell.h */,
				ECF9458921D5FED70043E898 /* ScreenShotCell.m */,
				ECF9458A21D5FED70043E898 /* ScreenShotCell.xib */,
				ECF9459021D60D560043E898 /* RecommendCell.h */,
				ECF9459121D60D560043E898 /* RecommendCell.m */,
				ECF9459221D60D560043E898 /* RecommendCell.xib */,
				EC73608A21D90D5B0031DFE0 /* SearchViewController.h */,
				EC73608B21D90D5B0031DFE0 /* SearchViewController.m */,
				EC73608D21D90EF00031DFE0 /* MovieSearchListController.h */,
				EC73608E21D90EF00031DFE0 /* MovieSearchListController.m */,
				EC73609021D90F630031DFE0 /* ActressSearchController.h */,
				EC73609121D90F630031DFE0 /* ActressSearchController.m */,
				EC73609421DA5C280031DFE0 /* ActressSearchCell.h */,
				EC73609521DA5C280031DFE0 /* ActressSearchCell.m */,
				EC73609621DA5C280031DFE0 /* ActressSearchCell.xib */,
				ECF79B2B21DDE2C8008C097D /* CollectionViewController.h */,
				ECF79B2C21DDE2C8008C097D /* CollectionViewController.m */,
				ECF79B2E21DDE2DA008C097D /* ActressCollectionController.h */,
				ECF79B2F21DDE2DA008C097D /* ActressCollectionController.m */,
				ECF79B3121DDE2F7008C097D /* MovieCollectionController.h */,
				ECF79B3221DDE2F7008C097D /* MovieCollectionController.m */,
				ECCCE41A21E42F48006833FE /* MovieCachedController.h */,
				ECCCE41B21E42F48006833FE /* MovieCachedController.m */,
				ECF79B3821DEF680008C097D /* SettingViewController.h */,
				ECF79B3921DEF680008C097D /* SettingViewController.m */,
				ECD4F4F524167D7F0076269B /* GoogleDriveController.h */,
				ECD4F4F624167D800076269B /* GoogleDriveController.m */,
			);
			path = Controller;
			sourceTree = "<group>";
		};
/* End PBXGroup section */

/* Begin PBXNativeTarget section */
		EC0BC43D21C2394900A6E50E /* JAVBus */ = {
			isa = PBXNativeTarget;
			buildConfigurationList = EC0BC46A21C2394B00A6E50E /* Build configuration list for PBXNativeTarget "JAVBus" */;
			buildPhases = (
				CF5DDD7EF3FB4AF9158EF34A /* [CP] Check Pods Manifest.lock */,
				EC0BC43A21C2394900A6E50E /* Sources */,
				EC0BC43B21C2394900A6E50E /* Frameworks */,
				EC0BC43C21C2394900A6E50E /* Resources */,
				3017ADEB2178B24D9F172618 /* [CP] Copy Pods Resources */,
			);
			buildRules = (
			);
			dependencies = (
			);
			name = JAVBus;
			productName = JAVBus;
			productReference = EC0BC43E21C2394900A6E50E /* JAVBus.app */;
			productType = "com.apple.product-type.application";
		};
		EC0BC45521C2394B00A6E50E /* JAVBusTests */ = {
			isa = PBXNativeTarget;
			buildConfigurationList = EC0BC46D21C2394B00A6E50E /* Build configuration list for PBXNativeTarget "JAVBusTests" */;
			buildPhases = (
				44B619B642591C916C693F2C /* [CP] Check Pods Manifest.lock */,
				EC0BC45221C2394B00A6E50E /* Sources */,
				EC0BC45321C2394B00A6E50E /* Frameworks */,
				EC0BC45421C2394B00A6E50E /* Resources */,
			);
			buildRules = (
			);
			dependencies = (
				EC0BC45821C2394B00A6E50E /* PBXTargetDependency */,
			);
			name = JAVBusTests;
			productName = JAVBusTests;
			productReference = EC0BC45621C2394B00A6E50E /* JAVBusTests.xctest */;
			productType = "com.apple.product-type.bundle.unit-test";
		};
		EC0BC46021C2394B00A6E50E /* JAVBusUITests */ = {
			isa = PBXNativeTarget;
			buildConfigurationList = EC0BC47021C2394B00A6E50E /* Build configuration list for PBXNativeTarget "JAVBusUITests" */;
			buildPhases = (
				FBB4B5866A19BD29C5377224 /* [CP] Check Pods Manifest.lock */,
				EC0BC45D21C2394B00A6E50E /* Sources */,
				EC0BC45E21C2394B00A6E50E /* Frameworks */,
				EC0BC45F21C2394B00A6E50E /* Resources */,
			);
			buildRules = (
			);
			dependencies = (
				EC0BC46321C2394B00A6E50E /* PBXTargetDependency */,
			);
			name = JAVBusUITests;
			productName = JAVBusUITests;
			productReference = EC0BC46121C2394B00A6E50E /* JAVBusUITests.xctest */;
			productType = "com.apple.product-type.bundle.ui-testing";
		};
/* End PBXNativeTarget section */

/* Begin PBXProject section */
		EC0BC43621C2394900A6E50E /* Project object */ = {
			isa = PBXProject;
			attributes = {
				LastUpgradeCheck = 0930;
				ORGANIZATIONNAME = mgfjx;
				TargetAttributes = {
					EC0BC43D21C2394900A6E50E = {
						CreatedOnToolsVersion = 9.3;
					};
					EC0BC45521C2394B00A6E50E = {
						CreatedOnToolsVersion = 9.3;
						TestTargetID = EC0BC43D21C2394900A6E50E;
					};
					EC0BC46021C2394B00A6E50E = {
						CreatedOnToolsVersion = 9.3;
						TestTargetID = EC0BC43D21C2394900A6E50E;
					};
				};
			};
			buildConfigurationList = EC0BC43921C2394900A6E50E /* Build configuration list for PBXProject "JAVBus" */;
			compatibilityVersion = "Xcode 9.3";
			developmentRegion = en;
			hasScannedForEncodings = 0;
			knownRegions = (
				en,
				Base,
			);
			mainGroup = EC0BC43521C2394900A6E50E;
			productRefGroup = EC0BC43F21C2394900A6E50E /* Products */;
			projectDirPath = "";
			projectRoot = "";
			targets = (
				EC0BC43D21C2394900A6E50E /* JAVBus */,
				EC0BC45521C2394B00A6E50E /* JAVBusTests */,
				EC0BC46021C2394B00A6E50E /* JAVBusUITests */,
			);
		};
/* End PBXProject section */

/* Begin PBXResourcesBuildPhase section */
		EC0BC43C21C2394900A6E50E /* Resources */ = {
			isa = PBXResourcesBuildPhase;
			buildActionMask = 2147483647;
			files = (
				EC0BC44E21C2394B00A6E50E /* LaunchScreen.storyboard in Resources */,
				EC0BC4BB21C2653500A6E50E /* backItemImage_hl@2x.png in Resources */,
				ECAE2418241A14710050FA8A /* GGDriveFolderCell.xib in Resources */,
				ECF9458C21D5FED70043E898 /* ScreenShotCell.xib in Resources */,
				ECAE241D241A1B8A0050FA8A /* GGDriveFileCell.xib in Resources */,
				EC0BC4BC21C2653500A6E50E /* backItemImage@2x.png in Resources */,
				EC0BC4AD21C25E3C00A6E50E /* ActressCell.xib in Resources */,
				EC9ABE2221CFA5E300C4E90F /* AddressCell.xib in Resources */,
				ECF9459421D60D560043E898 /* RecommendCell.xib in Resources */,
				EC94A20121DCA2EE00C1BBCD /* TraditionalCode.txt in Resources */,
				EC0BC44B21C2394B00A6E50E /* Assets.xcassets in Resources */,
				EC94A20221DCA2EE00C1BBCD /* SimplifiedCode.txt in Resources */,
				EC0BC44921C2394900A6E50E /* Main.storyboard in Resources */,
				EC73609821DA5C280031DFE0 /* ActressSearchCell.xib in Resources */,
				EC9D72FE21C7F41400C9F830 /* ActressDetailCell.xib in Resources */,
			);
			runOnlyForDeploymentPostprocessing = 0;
		};
		EC0BC45421C2394B00A6E50E /* Resources */ = {
			isa = PBXResourcesBuildPhase;
			buildActionMask = 2147483647;
			files = (
			);
			runOnlyForDeploymentPostprocessing = 0;
		};
		EC0BC45F21C2394B00A6E50E /* Resources */ = {
			isa = PBXResourcesBuildPhase;
			buildActionMask = 2147483647;
			files = (
			);
			runOnlyForDeploymentPostprocessing = 0;
		};
/* End PBXResourcesBuildPhase section */

/* Begin PBXShellScriptBuildPhase section */
		3017ADEB2178B24D9F172618 /* [CP] Copy Pods Resources */ = {
			isa = PBXShellScriptBuildPhase;
			buildActionMask = 2147483647;
			files = (
			);
			inputFileListPaths = (
				"${PODS_ROOT}/Target Support Files/Pods-JAVBus/Pods-JAVBus-resources-${CONFIGURATION}-input-files.xcfilelist",
			);
			name = "[CP] Copy Pods Resources";
			outputFileListPaths = (
				"${PODS_ROOT}/Target Support Files/Pods-JAVBus/Pods-JAVBus-resources-${CONFIGURATION}-output-files.xcfilelist",
			);
			runOnlyForDeploymentPostprocessing = 0;
			shellPath = /bin/sh;
			shellScript = "\"${PODS_ROOT}/Target Support Files/Pods-JAVBus/Pods-JAVBus-resources.sh\"\n";
			showEnvVarsInLog = 0;
		};
		44B619B642591C916C693F2C /* [CP] Check Pods Manifest.lock */ = {
			isa = PBXShellScriptBuildPhase;
			buildActionMask = 2147483647;
			files = (
			);
			inputPaths = (
				"${PODS_PODFILE_DIR_PATH}/Podfile.lock",
				"${PODS_ROOT}/Manifest.lock",
			);
			name = "[CP] Check Pods Manifest.lock";
			outputPaths = (
				"$(DERIVED_FILE_DIR)/Pods-JAVBusTests-checkManifestLockResult.txt",
			);
			runOnlyForDeploymentPostprocessing = 0;
			shellPath = /bin/sh;
			shellScript = "diff \"${PODS_PODFILE_DIR_PATH}/Podfile.lock\" \"${PODS_ROOT}/Manifest.lock\" > /dev/null\nif [ $? != 0 ] ; then\n    # print error to STDERR\n    echo \"error: The sandbox is not in sync with the Podfile.lock. Run 'pod install' or update your CocoaPods installation.\" >&2\n    exit 1\nfi\n# This output is used by Xcode 'outputs' to avoid re-running this script phase.\necho \"SUCCESS\" > \"${SCRIPT_OUTPUT_FILE_0}\"\n";
			showEnvVarsInLog = 0;
		};
		CF5DDD7EF3FB4AF9158EF34A /* [CP] Check Pods Manifest.lock */ = {
			isa = PBXShellScriptBuildPhase;
			buildActionMask = 2147483647;
			files = (
			);
			inputPaths = (
				"${PODS_PODFILE_DIR_PATH}/Podfile.lock",
				"${PODS_ROOT}/Manifest.lock",
			);
			name = "[CP] Check Pods Manifest.lock";
			outputPaths = (
				"$(DERIVED_FILE_DIR)/Pods-JAVBus-checkManifestLockResult.txt",
			);
			runOnlyForDeploymentPostprocessing = 0;
			shellPath = /bin/sh;
			shellScript = "diff \"${PODS_PODFILE_DIR_PATH}/Podfile.lock\" \"${PODS_ROOT}/Manifest.lock\" > /dev/null\nif [ $? != 0 ] ; then\n    # print error to STDERR\n    echo \"error: The sandbox is not in sync with the Podfile.lock. Run 'pod install' or update your CocoaPods installation.\" >&2\n    exit 1\nfi\n# This output is used by Xcode 'outputs' to avoid re-running this script phase.\necho \"SUCCESS\" > \"${SCRIPT_OUTPUT_FILE_0}\"\n";
			showEnvVarsInLog = 0;
		};
		FBB4B5866A19BD29C5377224 /* [CP] Check Pods Manifest.lock */ = {
			isa = PBXShellScriptBuildPhase;
			buildActionMask = 2147483647;
			files = (
			);
			inputPaths = (
				"${PODS_PODFILE_DIR_PATH}/Podfile.lock",
				"${PODS_ROOT}/Manifest.lock",
			);
			name = "[CP] Check Pods Manifest.lock";
			outputPaths = (
				"$(DERIVED_FILE_DIR)/Pods-JAVBusUITests-checkManifestLockResult.txt",
			);
			runOnlyForDeploymentPostprocessing = 0;
			shellPath = /bin/sh;
			shellScript = "diff \"${PODS_PODFILE_DIR_PATH}/Podfile.lock\" \"${PODS_ROOT}/Manifest.lock\" > /dev/null\nif [ $? != 0 ] ; then\n    # print error to STDERR\n    echo \"error: The sandbox is not in sync with the Podfile.lock. Run 'pod install' or update your CocoaPods installation.\" >&2\n    exit 1\nfi\n# This output is used by Xcode 'outputs' to avoid re-running this script phase.\necho \"SUCCESS\" > \"${SCRIPT_OUTPUT_FILE_0}\"\n";
			showEnvVarsInLog = 0;
		};
/* End PBXShellScriptBuildPhase section */

/* Begin PBXSourcesBuildPhase section */
		EC0BC43A21C2394900A6E50E /* Sources */ = {
			isa = PBXSourcesBuildPhase;
			buildActionMask = 2147483647;
			files = (
				ECF9457721D4C0DD0043E898 /* CategoryItemListController.m in Sources */,
				EC9ABE2121CFA5E300C4E90F /* AddressCell.m in Sources */,
				ECAE2417241A14710050FA8A /* GGDriveFolderCell.m in Sources */,
				ECF9455B21D46AB60043E898 /* MainTabViewController.m in Sources */,
				EC0BC44621C2394900A6E50E /* MainViewController.m in Sources */,
				EC0BC4BF21C2653500A6E50E /* RxWebViewNavigationViewController.m in Sources */,
				EC0BC4AC21C25E3C00A6E50E /* ActressCell.m in Sources */,
				EC0BC45121C2394B00A6E50E /* main.m in Sources */,
				EC9ABE1621CE935E00C4E90F /* GlobalTool.m in Sources */,
				ECF9458421D5ECA10043E898 /* LinkButton.m in Sources */,
				EC0BC44321C2394900A6E50E /* AppDelegate.m in Sources */,
				EC0BC49F21C25B5000A6E50E /* UIView+AddFunc.m in Sources */,
				ECD99AED21C7E0880043DB0C /* LJJWaterFlowLayout.m in Sources */,
				EC0BC49B21C25B5000A6E50E /* NSObject+runtimeCopy.m in Sources */,
				ECFD29BF21D37E960085E257 /* MovieListBaseController.m in Sources */,
				EC0BC49921C25B5000A6E50E /* UIScrollView+Refresh.m in Sources */,
				ECD4F4FE2417D9010076269B /* GoogleDriveManager.m in Sources */,
				ECF79B3A21DEF680008C097D /* SettingViewController.m in Sources */,
				ECCCE41C21E42F48006833FE /* MovieCachedController.m in Sources */,
				EC5F058F241D14C40055B6B5 /* MagneticModel.m in Sources */,
				EC0BC4BD21C2653500A6E50E /* NJKWebViewProgress.m in Sources */,
				EC94A1FE21DCA1BA00C1BBCD /* ZHChineseConvert.m in Sources */,
				ECAE241C241A1B8A0050FA8A /* GGDriveFileCell.m in Sources */,
				EC94A1FB21DC52F000C1BBCD /* PublicDialogManager.m in Sources */,
				EC73608F21D90EF00031DFE0 /* MovieSearchListController.m in Sources */,
				ECF9456421D4AD5E0043E898 /* ActorListBaseController.m in Sources */,
				ECF9456D21D4B7BC0043E898 /* CensoredCategoryController.m in Sources */,
				ECF79B2D21DDE2C8008C097D /* CollectionViewController.m in Sources */,
				ECF9458721D5FC220043E898 /* ScreenShotModel.m in Sources */,
				EC5F0592241D16590055B6B5 /* NSString+XLHelper.m in Sources */,
				ECAE2420241A77A20050FA8A /* DropBoxManager.m in Sources */,
				ECF9458021D5ACD50043E898 /* MovieDetailModel.m in Sources */,
				ECF9455E21D4AAB60043E898 /* MovieUncensoredController.m in Sources */,
				ECF9458B21D5FED70043E898 /* ScreenShotCell.m in Sources */,
				EC0BC4C021C2653500A6E50E /* RxWebViewController.m in Sources */,
				ECF9456721D4AFBA0043E898 /* ActressUncensoredListController.m in Sources */,
				ECF9459321D60D560043E898 /* RecommendCell.m in Sources */,
				EC0BC4A521C25D3300A6E50E /* BaseViewController.m in Sources */,
				EC0BC49E21C25B5000A6E50E /* SQPrintJsonLog.m in Sources */,
				ECF9458F21D60AE00043E898 /* RecommendModel.m in Sources */,
				EC0BC4BE21C2653500A6E50E /* NJKWebViewProgressView.m in Sources */,
				EC0BC49D21C25B5000A6E50E /* UIAlertView+ActionBlock.m in Sources */,
				ECD99AD921C697540043DB0C /* ActressDetailController.m in Sources */,
				ECD99AF021C7EDB90043DB0C /* MovieListModel.m in Sources */,
				EC73609721DA5C280031DFE0 /* ActressSearchCell.m in Sources */,
				EC73609221D90F630031DFE0 /* ActressSearchController.m in Sources */,
				ECCCE41921E39D54006833FE /* Encrypt.m in Sources */,
				ECDF476F2380484B0080EDA7 /* VideoPlayerView.m in Sources */,
				EC73608C21D90D5B0031DFE0 /* SearchViewController.m in Sources */,
				ECF79B2A21DDB372008C097D /* DBManager.m in Sources */,
				EC0BC4C621C2AE1D00A6E50E /* ActressModel.m in Sources */,
				EC5F0595241D26D00055B6B5 /* MagneticItemCell.m in Sources */,
				EC0BC4A021C25B5000A6E50E /* NSString+RegExp.m in Sources */,
				ECAE2413241A077E0050FA8A /* GGDriveFileController.m in Sources */,
				ECF9457421D4B86C0043E898 /* CategoryModel.m in Sources */,
				ECF9457A21D4CB630043E898 /* MovieDetailController.m in Sources */,
				ECF9457D21D51AB20043E898 /* TitleLinkModel.m in Sources */,
				EC0BC49821C25B5000A6E50E /* UIColor+Hex.m in Sources */,
				ECF9456A21D4B5B60043E898 /* MovieCategoryController.m in Sources */,
				ECF9457021D4B7CB0043E898 /* UnCensoredCategoryController.m in Sources */,
				ECF79B3021DDE2DA008C097D /* ActressCollectionController.m in Sources */,
				EC9D72FD21C7F41400C9F830 /* ActressDetailCell.m in Sources */,
				ECBCAAA7241E165500005732 /* MagneticListView.m in Sources */,
				EC0BC49621C25B5000A6E50E /* UIImageView+Scale.m in Sources */,
				EC0BC49C21C25B5000A6E50E /* NSDate+XExtend.m in Sources */,
				ECF9456121D4ACD20043E898 /* MovieXvideoController.m in Sources */,
				ECD4FD9B21C5428800645593 /* HttpManager.m in Sources */,
				ECD99AD621C6891A0043DB0C /* HtmlToJsonManager.m in Sources */,
				EC0BC49721C25B5000A6E50E /* NSString+XExtend.m in Sources */,
				EC0BC4A821C25DAB00A6E50E /* ActressCodeController.m in Sources */,
				ECF79B3321DDE2F7008C097D /* MovieCollectionController.m in Sources */,
				ECD4F4FB241795AA0076269B /* GoogleSignInManager.m in Sources */,
				ECA791692416141300EDFF51 /* VideoPlayerManager.m in Sources */,
				EC9ABE1D21CF4E8600C4E90F /* AddressSettingController.m in Sources */,
				EC0BC4C321C2ADE900A6E50E /* BaseModel.m in Sources */,
				ECD4F4F724167D800076269B /* GoogleDriveController.m in Sources */,
				EC0BC49A21C25B5000A6E50E /* NSDate+Utilities.m in Sources */,
				ECFD29C221D37FBC0085E257 /* MovieMainController.m in Sources */,
			);
			runOnlyForDeploymentPostprocessing = 0;
		};
		EC0BC45221C2394B00A6E50E /* Sources */ = {
			isa = PBXSourcesBuildPhase;
			buildActionMask = 2147483647;
			files = (
				EC0BC45B21C2394B00A6E50E /* JAVBusTests.m in Sources */,
			);
			runOnlyForDeploymentPostprocessing = 0;
		};
		EC0BC45D21C2394B00A6E50E /* Sources */ = {
			isa = PBXSourcesBuildPhase;
			buildActionMask = 2147483647;
			files = (
				EC0BC46621C2394B00A6E50E /* JAVBusUITests.m in Sources */,
			);
			runOnlyForDeploymentPostprocessing = 0;
		};
/* End PBXSourcesBuildPhase section */

/* Begin PBXTargetDependency section */
		EC0BC45821C2394B00A6E50E /* PBXTargetDependency */ = {
			isa = PBXTargetDependency;
			target = EC0BC43D21C2394900A6E50E /* JAVBus */;
			targetProxy = EC0BC45721C2394B00A6E50E /* PBXContainerItemProxy */;
		};
		EC0BC46321C2394B00A6E50E /* PBXTargetDependency */ = {
			isa = PBXTargetDependency;
			target = EC0BC43D21C2394900A6E50E /* JAVBus */;
			targetProxy = EC0BC46221C2394B00A6E50E /* PBXContainerItemProxy */;
		};
/* End PBXTargetDependency section */

/* Begin PBXVariantGroup section */
		EC0BC44721C2394900A6E50E /* Main.storyboard */ = {
			isa = PBXVariantGroup;
			children = (
				EC0BC44821C2394900A6E50E /* Base */,
			);
			name = Main.storyboard;
			sourceTree = "<group>";
		};
		EC0BC44C21C2394B00A6E50E /* LaunchScreen.storyboard */ = {
			isa = PBXVariantGroup;
			children = (
				EC0BC44D21C2394B00A6E50E /* Base */,
			);
			name = LaunchScreen.storyboard;
			sourceTree = "<group>";
		};
/* End PBXVariantGroup section */

/* Begin XCBuildConfiguration section */
		EC0BC46821C2394B00A6E50E /* Debug */ = {
			isa = XCBuildConfiguration;
			buildSettings = {
				ALWAYS_SEARCH_USER_PATHS = NO;
				CLANG_ANALYZER_NONNULL = YES;
				CLANG_ANALYZER_NUMBER_OBJECT_CONVERSION = YES_AGGRESSIVE;
				CLANG_CXX_LANGUAGE_STANDARD = "gnu++14";
				CLANG_CXX_LIBRARY = "libc++";
				CLANG_ENABLE_MODULES = YES;
				CLANG_ENABLE_OBJC_ARC = YES;
				CLANG_ENABLE_OBJC_WEAK = YES;
				CLANG_WARN_BLOCK_CAPTURE_AUTORELEASING = YES;
				CLANG_WARN_BOOL_CONVERSION = YES;
				CLANG_WARN_COMMA = YES;
				CLANG_WARN_CONSTANT_CONVERSION = YES;
				CLANG_WARN_DEPRECATED_OBJC_IMPLEMENTATIONS = YES;
				CLANG_WARN_DIRECT_OBJC_ISA_USAGE = YES_ERROR;
				CLANG_WARN_DOCUMENTATION_COMMENTS = YES;
				CLANG_WARN_EMPTY_BODY = YES;
				CLANG_WARN_ENUM_CONVERSION = YES;
				CLANG_WARN_INFINITE_RECURSION = YES;
				CLANG_WARN_INT_CONVERSION = YES;
				CLANG_WARN_NON_LITERAL_NULL_CONVERSION = YES;
				CLANG_WARN_OBJC_IMPLICIT_RETAIN_SELF = YES;
				CLANG_WARN_OBJC_LITERAL_CONVERSION = YES;
				CLANG_WARN_OBJC_ROOT_CLASS = YES_ERROR;
				CLANG_WARN_RANGE_LOOP_ANALYSIS = YES;
				CLANG_WARN_STRICT_PROTOTYPES = YES;
				CLANG_WARN_SUSPICIOUS_MOVE = YES;
				CLANG_WARN_UNGUARDED_AVAILABILITY = YES_AGGRESSIVE;
				CLANG_WARN_UNREACHABLE_CODE = YES;
				CLANG_WARN__DUPLICATE_METHOD_MATCH = YES;
				CODE_SIGN_IDENTITY = "iPhone Developer";
				COPY_PHASE_STRIP = NO;
				DEBUG_INFORMATION_FORMAT = dwarf;
				ENABLE_STRICT_OBJC_MSGSEND = YES;
				ENABLE_TESTABILITY = YES;
				GCC_C_LANGUAGE_STANDARD = gnu11;
				GCC_DYNAMIC_NO_PIC = NO;
				GCC_NO_COMMON_BLOCKS = YES;
				GCC_OPTIMIZATION_LEVEL = 0;
				GCC_PREPROCESSOR_DEFINITIONS = (
					"DEBUG=1",
					"$(inherited)",
				);
				GCC_WARN_64_TO_32_BIT_CONVERSION = YES;
				GCC_WARN_ABOUT_RETURN_TYPE = YES_ERROR;
				GCC_WARN_UNDECLARED_SELECTOR = YES;
				GCC_WARN_UNINITIALIZED_AUTOS = YES_AGGRESSIVE;
				GCC_WARN_UNUSED_FUNCTION = YES;
				GCC_WARN_UNUSED_VARIABLE = YES;
				IPHONEOS_DEPLOYMENT_TARGET = 11.3;
				MTL_ENABLE_DEBUG_INFO = YES;
				ONLY_ACTIVE_ARCH = YES;
				SDKROOT = iphoneos;
			};
			name = Debug;
		};
		EC0BC46921C2394B00A6E50E /* Release */ = {
			isa = XCBuildConfiguration;
			buildSettings = {
				ALWAYS_SEARCH_USER_PATHS = NO;
				CLANG_ANALYZER_NONNULL = YES;
				CLANG_ANALYZER_NUMBER_OBJECT_CONVERSION = YES_AGGRESSIVE;
				CLANG_CXX_LANGUAGE_STANDARD = "gnu++14";
				CLANG_CXX_LIBRARY = "libc++";
				CLANG_ENABLE_MODULES = YES;
				CLANG_ENABLE_OBJC_ARC = YES;
				CLANG_ENABLE_OBJC_WEAK = YES;
				CLANG_WARN_BLOCK_CAPTURE_AUTORELEASING = YES;
				CLANG_WARN_BOOL_CONVERSION = YES;
				CLANG_WARN_COMMA = YES;
				CLANG_WARN_CONSTANT_CONVERSION = YES;
				CLANG_WARN_DEPRECATED_OBJC_IMPLEMENTATIONS = YES;
				CLANG_WARN_DIRECT_OBJC_ISA_USAGE = YES_ERROR;
				CLANG_WARN_DOCUMENTATION_COMMENTS = YES;
				CLANG_WARN_EMPTY_BODY = YES;
				CLANG_WARN_ENUM_CONVERSION = YES;
				CLANG_WARN_INFINITE_RECURSION = YES;
				CLANG_WARN_INT_CONVERSION = YES;
				CLANG_WARN_NON_LITERAL_NULL_CONVERSION = YES;
				CLANG_WARN_OBJC_IMPLICIT_RETAIN_SELF = YES;
				CLANG_WARN_OBJC_LITERAL_CONVERSION = YES;
				CLANG_WARN_OBJC_ROOT_CLASS = YES_ERROR;
				CLANG_WARN_RANGE_LOOP_ANALYSIS = YES;
				CLANG_WARN_STRICT_PROTOTYPES = YES;
				CLANG_WARN_SUSPICIOUS_MOVE = YES;
				CLANG_WARN_UNGUARDED_AVAILABILITY = YES_AGGRESSIVE;
				CLANG_WARN_UNREACHABLE_CODE = YES;
				CLANG_WARN__DUPLICATE_METHOD_MATCH = YES;
				CODE_SIGN_IDENTITY = "iPhone Developer";
				COPY_PHASE_STRIP = NO;
				DEBUG_INFORMATION_FORMAT = "dwarf-with-dsym";
				ENABLE_NS_ASSERTIONS = NO;
				ENABLE_STRICT_OBJC_MSGSEND = YES;
				GCC_C_LANGUAGE_STANDARD = gnu11;
				GCC_NO_COMMON_BLOCKS = YES;
				GCC_WARN_64_TO_32_BIT_CONVERSION = YES;
				GCC_WARN_ABOUT_RETURN_TYPE = YES_ERROR;
				GCC_WARN_UNDECLARED_SELECTOR = YES;
				GCC_WARN_UNINITIALIZED_AUTOS = YES_AGGRESSIVE;
				GCC_WARN_UNUSED_FUNCTION = YES;
				GCC_WARN_UNUSED_VARIABLE = YES;
				IPHONEOS_DEPLOYMENT_TARGET = 11.3;
				MTL_ENABLE_DEBUG_INFO = NO;
				SDKROOT = iphoneos;
				VALIDATE_PRODUCT = YES;
			};
			name = Release;
		};
		EC0BC46B21C2394B00A6E50E /* Debug */ = {
			isa = XCBuildConfiguration;
			baseConfigurationReference = 82F886EA565FCBCA72C6BF4E /* Pods-JAVBus.debug.xcconfig */;
			buildSettings = {
				ASSETCATALOG_COMPILER_APPICON_NAME = AppIcon;
				ASSETCATALOG_COMPILER_LAUNCHIMAGE_NAME = LaunchImage;
				CODE_SIGN_STYLE = Automatic;
				DEVELOPMENT_TEAM = 2V79KT8XV5;
				GCC_PRECOMPILE_PREFIX_HEADER = YES;
				GCC_PREFIX_HEADER = "$(SRCROOT)/JAVBus/PrefixHeader.pch";
				INFOPLIST_FILE = JAVBus/Info.plist;
				IPHONEOS_DEPLOYMENT_TARGET = 9.0;
				LD_RUNPATH_SEARCH_PATHS = (
					"$(inherited)",
					"@executable_path/Frameworks",
				);
				PRODUCT_BUNDLE_IDENTIFIER = com.xiexiaolong.JAVBus;
				PRODUCT_NAME = "$(TARGET_NAME)";
				TARGETED_DEVICE_FAMILY = "1,2";
			};
			name = Debug;
		};
		EC0BC46C21C2394B00A6E50E /* Release */ = {
			isa = XCBuildConfiguration;
			baseConfigurationReference = A9F9BC623466FD40AF79A988 /* Pods-JAVBus.release.xcconfig */;
			buildSettings = {
				ASSETCATALOG_COMPILER_APPICON_NAME = AppIcon;
				ASSETCATALOG_COMPILER_LAUNCHIMAGE_NAME = LaunchImage;
				CODE_SIGN_STYLE = Automatic;
				DEVELOPMENT_TEAM = 2V79KT8XV5;
				GCC_PRECOMPILE_PREFIX_HEADER = YES;
				GCC_PREFIX_HEADER = "$(SRCROOT)/JAVBus/PrefixHeader.pch";
				INFOPLIST_FILE = JAVBus/Info.plist;
				IPHONEOS_DEPLOYMENT_TARGET = 9.0;
				LD_RUNPATH_SEARCH_PATHS = (
					"$(inherited)",
					"@executable_path/Frameworks",
				);
				PRODUCT_BUNDLE_IDENTIFIER = com.xiexiaolong.JAVBus;
				PRODUCT_NAME = "$(TARGET_NAME)";
				TARGETED_DEVICE_FAMILY = "1,2";
			};
			name = Release;
		};
		EC0BC46E21C2394B00A6E50E /* Debug */ = {
			isa = XCBuildConfiguration;
			baseConfigurationReference = D9174191B1E5409EE51BCC81 /* Pods-JAVBusTests.debug.xcconfig */;
			buildSettings = {
				BUNDLE_LOADER = "$(TEST_HOST)";
				CODE_SIGN_STYLE = Automatic;
				INFOPLIST_FILE = JAVBusTests/Info.plist;
				LD_RUNPATH_SEARCH_PATHS = (
					"$(inherited)",
					"@executable_path/Frameworks",
					"@loader_path/Frameworks",
				);
				PRODUCT_BUNDLE_IDENTIFIER = com.xiexiaolong.JAVBusTests;
				PRODUCT_NAME = "$(TARGET_NAME)";
				TARGETED_DEVICE_FAMILY = "1,2";
				TEST_HOST = "$(BUILT_PRODUCTS_DIR)/JAVBus.app/JAVBus";
			};
			name = Debug;
		};
		EC0BC46F21C2394B00A6E50E /* Release */ = {
			isa = XCBuildConfiguration;
			baseConfigurationReference = 40ED61FAFF4ADBE0F300A854 /* Pods-JAVBusTests.release.xcconfig */;
			buildSettings = {
				BUNDLE_LOADER = "$(TEST_HOST)";
				CODE_SIGN_STYLE = Automatic;
				INFOPLIST_FILE = JAVBusTests/Info.plist;
				LD_RUNPATH_SEARCH_PATHS = (
					"$(inherited)",
					"@executable_path/Frameworks",
					"@loader_path/Frameworks",
				);
				PRODUCT_BUNDLE_IDENTIFIER = com.xiexiaolong.JAVBusTests;
				PRODUCT_NAME = "$(TARGET_NAME)";
				TARGETED_DEVICE_FAMILY = "1,2";
				TEST_HOST = "$(BUILT_PRODUCTS_DIR)/JAVBus.app/JAVBus";
			};
			name = Release;
		};
		EC0BC47121C2394B00A6E50E /* Debug */ = {
			isa = XCBuildConfiguration;
			baseConfigurationReference = C21BD270C8EDE3D7C2D4F1CD /* Pods-JAVBusUITests.debug.xcconfig */;
			buildSettings = {
				CODE_SIGN_STYLE = Automatic;
				INFOPLIST_FILE = JAVBusUITests/Info.plist;
				LD_RUNPATH_SEARCH_PATHS = (
					"$(inherited)",
					"@executable_path/Frameworks",
					"@loader_path/Frameworks",
				);
				PRODUCT_BUNDLE_IDENTIFIER = com.xiexiaolong.JAVBusUITests;
				PRODUCT_NAME = "$(TARGET_NAME)";
				TARGETED_DEVICE_FAMILY = "1,2";
				TEST_TARGET_NAME = JAVBus;
			};
			name = Debug;
		};
		EC0BC47221C2394B00A6E50E /* Release */ = {
			isa = XCBuildConfiguration;
			baseConfigurationReference = 5C70DFAD6B40A9D114CB27E7 /* Pods-JAVBusUITests.release.xcconfig */;
			buildSettings = {
				CODE_SIGN_STYLE = Automatic;
				INFOPLIST_FILE = JAVBusUITests/Info.plist;
				LD_RUNPATH_SEARCH_PATHS = (
					"$(inherited)",
					"@executable_path/Frameworks",
					"@loader_path/Frameworks",
				);
				PRODUCT_BUNDLE_IDENTIFIER = com.xiexiaolong.JAVBusUITests;
				PRODUCT_NAME = "$(TARGET_NAME)";
				TARGETED_DEVICE_FAMILY = "1,2";
				TEST_TARGET_NAME = JAVBus;
			};
			name = Release;
		};
/* End XCBuildConfiguration section */

/* Begin XCConfigurationList section */
		EC0BC43921C2394900A6E50E /* Build configuration list for PBXProject "JAVBus" */ = {
			isa = XCConfigurationList;
			buildConfigurations = (
				EC0BC46821C2394B00A6E50E /* Debug */,
				EC0BC46921C2394B00A6E50E /* Release */,
			);
			defaultConfigurationIsVisible = 0;
			defaultConfigurationName = Release;
		};
		EC0BC46A21C2394B00A6E50E /* Build configuration list for PBXNativeTarget "JAVBus" */ = {
			isa = XCConfigurationList;
			buildConfigurations = (
				EC0BC46B21C2394B00A6E50E /* Debug */,
				EC0BC46C21C2394B00A6E50E /* Release */,
			);
			defaultConfigurationIsVisible = 0;
			defaultConfigurationName = Release;
		};
		EC0BC46D21C2394B00A6E50E /* Build configuration list for PBXNativeTarget "JAVBusTests" */ = {
			isa = XCConfigurationList;
			buildConfigurations = (
				EC0BC46E21C2394B00A6E50E /* Debug */,
				EC0BC46F21C2394B00A6E50E /* Release */,
			);
			defaultConfigurationIsVisible = 0;
			defaultConfigurationName = Release;
		};
		EC0BC47021C2394B00A6E50E /* Build configuration list for PBXNativeTarget "JAVBusUITests" */ = {
			isa = XCConfigurationList;
			buildConfigurations = (
				EC0BC47121C2394B00A6E50E /* Debug */,
				EC0BC47221C2394B00A6E50E /* Release */,
			);
			defaultConfigurationIsVisible = 0;
			defaultConfigurationName = Release;
		};
/* End XCConfigurationList section */
	};
	rootObject = EC0BC43621C2394900A6E50E /* Project object */;
}
